{
  "version": 4,
  "terraform_version": "0.12.18",
  "serial": 19,
  "lineage": "6dc04016-3591-0c44-056f-acbf26b257c4",
  "outputs": {
    "container_name": {
      "value": "blog",
      "type": "string"
    },
    "image_name": {
      "value": "sha256:7a562dfa21a3d6aa7e2ad74d1301b849c5ab13504df6607682f1ea2831626583",
      "type": "string"
    },
    "int_port": {
      "value": {
        "external": 8181,
        "internal": 2368,
        "ip": "0.0.0.0",
        "protocol": "tcp"
      },
      "type": [
        "object",
        {
          "external": "number",
          "internal": "number",
          "ip": "string",
          "protocol": "string"
        }
      ]
    },
    "ip": {
      "value": "172.17.0.2",
      "type": "string"
    }
  },
  "resources": [
    {
      "module": "module.container",
      "mode": "managed",
      "type": "docker_container",
      "name": "container_id",
      "provider": "provider.docker",
      "instances": [
        {
          "schema_version": 1,
          "attributes": {
            "attach": false,
            "bridge": "",
            "capabilities": [],
            "command": null,
            "container_logs": null,
            "cpu_set": null,
            "cpu_shares": null,
            "destroy_grace_seconds": null,
            "devices": [],
            "dns": null,
            "dns_opts": null,
            "dns_search": null,
            "domainname": null,
            "entrypoint": null,
            "env": null,
            "exit_code": null,
            "gateway": "172.17.0.1",
            "group_add": null,
            "healthcheck": [],
            "host": [],
            "hostname": null,
            "id": "d57d1b7b3cb1d8a0b83e99598cf22dd173d702bcd6123c8a26cba6a8a7389f16",
            "image": "sha256:7a562dfa21a3d6aa7e2ad74d1301b849c5ab13504df6607682f1ea2831626583",
            "ip_address": "172.17.0.2",
            "ip_prefix_length": 16,
            "ipc_mode": null,
            "labels": null,
            "links": null,
            "log_driver": "json-file",
            "log_opts": null,
            "logs": false,
            "max_retry_count": null,
            "memory": null,
            "memory_swap": null,
            "mounts": [],
            "must_run": true,
            "name": "blog",
            "network_alias": null,
            "network_data": [
              {
                "gateway": "172.17.0.1",
                "ip_address": "172.17.0.2",
                "ip_prefix_length": 16,
                "network_name": "bridge"
              }
            ],
            "network_mode": null,
            "networks": null,
            "networks_advanced": [],
            "pid_mode": null,
            "ports": [
              {
                "external": 8181,
                "internal": 2368,
                "ip": "0.0.0.0",
                "protocol": "tcp"
              }
            ],
            "privileged": null,
            "publish_all_ports": null,
            "read_only": false,
            "restart": "no",
            "rm": false,
            "shm_size": null,
            "start": true,
            "sysctls": null,
            "tmpfs": null,
            "ulimit": [],
            "upload": [],
            "user": null,
            "userns_mode": null,
            "volumes": [],
            "working_dir": null
          },
          "private": "eyJzY2hlbWFfdmVyc2lvbiI6IjEifQ==",
          "dependencies": [
            "module.image.docker_image.image_id"
          ]
        }
      ]
    },
    {
      "module": "module.image",
      "mode": "managed",
      "type": "docker_image",
      "name": "image_id",
      "provider": "provider.docker",
      "instances": [
        {
          "schema_version": 0,
          "attributes": {
            "id": "sha256:7a562dfa21a3d6aa7e2ad74d1301b849c5ab13504df6607682f1ea2831626583ghost:alpine",
            "keep_locally": null,
            "latest": "sha256:7a562dfa21a3d6aa7e2ad74d1301b849c5ab13504df6607682f1ea2831626583",
            "name": "ghost:alpine",
            "pull_trigger": null,
            "pull_triggers": null
          },
          "private": "bnVsbA=="
        }
      ]
    }
  ]
}
