{
  "version": 4,
  "terraform_version": "0.12.21",
  "serial": 359,
  "lineage": "951cc3be-d7ed-a674-a440-42466d85cee1",
  "outputs": {},
  "resources": [
    {
      "mode": "managed",
      "type": "azurerm_availability_set",
      "name": "avset",
      "each": "list",
      "provider": "provider.azurerm",
      "instances": [
        {
          "index_key": 0,
          "schema_version": 0,
          "attributes": {
            "id": "/subscriptions/4b753fb2-cf04-489b-a839-415c069e338e/resourceGroups/myrg/providers/Microsoft.Compute/availabilitySets/avset-0",
            "location": "eastus2",
            "managed": true,
            "name": "avset-0",
            "platform_fault_domain_count": 2,
            "platform_update_domain_count": 2,
            "proximity_placement_group_id": null,
            "resource_group_name": "myrg",
            "tags": null,
            "timeouts": null
          },
          "private": "eyJlMmJmYjczMC1lY2FhLTExZTYtOGY4OC0zNDM2M2JjN2M0YzAiOnsiY3JlYXRlIjoxODAwMDAwMDAwMDAwLCJkZWxldGUiOjE4MDAwMDAwMDAwMDAsInJlYWQiOjMwMDAwMDAwMDAwMCwidXBkYXRlIjoxODAwMDAwMDAwMDAwfX0=",
          "dependencies": [
            "azurerm_resource_group.myrg"
          ]
        },
        {
          "index_key": 1,
          "schema_version": 0,
          "attributes": {
            "id": "/subscriptions/4b753fb2-cf04-489b-a839-415c069e338e/resourceGroups/myrg/providers/Microsoft.Compute/availabilitySets/avset-1",
            "location": "eastus2",
            "managed": true,
            "name": "avset-1",
            "platform_fault_domain_count": 2,
            "platform_update_domain_count": 2,
            "proximity_placement_group_id": null,
            "resource_group_name": "myrg",
            "tags": null,
            "timeouts": null
          },
          "private": "eyJlMmJmYjczMC1lY2FhLTExZTYtOGY4OC0zNDM2M2JjN2M0YzAiOnsiY3JlYXRlIjoxODAwMDAwMDAwMDAwLCJkZWxldGUiOjE4MDAwMDAwMDAwMDAsInJlYWQiOjMwMDAwMDAwMDAwMCwidXBkYXRlIjoxODAwMDAwMDAwMDAwfX0=",
          "dependencies": [
            "azurerm_resource_group.myrg"
          ]
        }
      ]
    },
    {
      "mode": "managed",
      "type": "azurerm_network_interface",
      "name": "mynic",
      "each": "list",
      "provider": "provider.azurerm",
      "instances": [
        {
          "index_key": 0,
          "schema_version": 0,
          "attributes": {
            "applied_dns_servers": [],
            "dns_servers": [],
            "enable_accelerated_networking": false,
            "enable_ip_forwarding": false,
            "id": "/subscriptions/4b753fb2-cf04-489b-a839-415c069e338e/resourceGroups/myrg/providers/Microsoft.Network/networkInterfaces/azure-nic-0",
            "internal_dns_name_label": "",
            "ip_configuration": [
              {
                "name": "Internet-0",
                "primary": true,
                "private_ip_address": "10.0.1.4",
                "private_ip_address_allocation": "Dynamic",
                "private_ip_address_version": "IPv4",
                "public_ip_address_id": "/subscriptions/4b753fb2-cf04-489b-a839-415c069e338e/resourceGroups/myrg/providers/Microsoft.Network/publicIPAddresses/azure_ip-0",
                "subnet_id": "/subscriptions/4b753fb2-cf04-489b-a839-415c069e338e/resourceGroups/myrg/providers/Microsoft.Network/virtualNetworks/vnet1/subnets/public_subnet-0"
              }
            ],
            "location": "eastus2",
            "mac_address": "",
            "name": "azure-nic-0",
            "private_ip_address": "10.0.1.4",
            "private_ip_addresses": [
              "10.0.1.4"
            ],
            "resource_group_name": "myrg",
            "tags": {
              "Name": "azure-nic-0"
            },
            "timeouts": null,
            "virtual_machine_id": ""
          },
          "private": "eyJlMmJmYjczMC1lY2FhLTExZTYtOGY4OC0zNDM2M2JjN2M0YzAiOnsiY3JlYXRlIjoxODAwMDAwMDAwMDAwLCJkZWxldGUiOjE4MDAwMDAwMDAwMDAsInJlYWQiOjMwMDAwMDAwMDAwMCwidXBkYXRlIjoxODAwMDAwMDAwMDAwfX0=",
          "dependencies": [
            "azurerm_public_ip.public_ip",
            "azurerm_resource_group.myrg",
            "azurerm_subnet.public_subnet",
            "azurerm_virtual_network.myvnet"
          ]
        },
        {
          "index_key": 1,
          "schema_version": 0,
          "attributes": {
            "applied_dns_servers": [],
            "dns_servers": [],
            "enable_accelerated_networking": false,
            "enable_ip_forwarding": false,
            "id": "/subscriptions/4b753fb2-cf04-489b-a839-415c069e338e/resourceGroups/myrg/providers/Microsoft.Network/networkInterfaces/azure-nic-1",
            "internal_dns_name_label": "",
            "ip_configuration": [
              {
                "name": "Internet-1",
                "primary": true,
                "private_ip_address": "10.0.2.4",
                "private_ip_address_allocation": "Dynamic",
                "private_ip_address_version": "IPv4",
                "public_ip_address_id": "/subscriptions/4b753fb2-cf04-489b-a839-415c069e338e/resourceGroups/myrg/providers/Microsoft.Network/publicIPAddresses/azure_ip-1",
                "subnet_id": "/subscriptions/4b753fb2-cf04-489b-a839-415c069e338e/resourceGroups/myrg/providers/Microsoft.Network/virtualNetworks/vnet1/subnets/public_subnet-1"
              }
            ],
            "location": "eastus2",
            "mac_address": "",
            "name": "azure-nic-1",
            "private_ip_address": "10.0.2.4",
            "private_ip_addresses": [
              "10.0.2.4"
            ],
            "resource_group_name": "myrg",
            "tags": {
              "Name": "azure-nic-1"
            },
            "timeouts": null,
            "virtual_machine_id": ""
          },
          "private": "eyJlMmJmYjczMC1lY2FhLTExZTYtOGY4OC0zNDM2M2JjN2M0YzAiOnsiY3JlYXRlIjoxODAwMDAwMDAwMDAwLCJkZWxldGUiOjE4MDAwMDAwMDAwMDAsInJlYWQiOjMwMDAwMDAwMDAwMCwidXBkYXRlIjoxODAwMDAwMDAwMDAwfX0=",
          "dependencies": [
            "azurerm_public_ip.public_ip",
            "azurerm_resource_group.myrg",
            "azurerm_subnet.public_subnet",
            "azurerm_virtual_network.myvnet"
          ]
        }
      ]
    },
    {
      "mode": "managed",
      "type": "azurerm_network_interface_security_group_association",
      "name": "assoc",
      "each": "list",
      "provider": "provider.azurerm",
      "instances": [
        {
          "index_key": 0,
          "schema_version": 0,
          "attributes": {
            "id": "/subscriptions/4b753fb2-cf04-489b-a839-415c069e338e/resourceGroups/myrg/providers/Microsoft.Network/networkInterfaces/azure-nic-0|/subscriptions/4b753fb2-cf04-489b-a839-415c069e338e/resourceGroups/myrg/providers/Microsoft.Network/networkSecurityGroups/azure_nsg",
            "network_interface_id": "/subscriptions/4b753fb2-cf04-489b-a839-415c069e338e/resourceGroups/myrg/providers/Microsoft.Network/networkInterfaces/azure-nic-0",
            "network_security_group_id": "/subscriptions/4b753fb2-cf04-489b-a839-415c069e338e/resourceGroups/myrg/providers/Microsoft.Network/networkSecurityGroups/azure_nsg",
            "timeouts": null
          },
          "private": "eyJlMmJmYjczMC1lY2FhLTExZTYtOGY4OC0zNDM2M2JjN2M0YzAiOnsiY3JlYXRlIjoxODAwMDAwMDAwMDAwLCJkZWxldGUiOjE4MDAwMDAwMDAwMDAsInJlYWQiOjMwMDAwMDAwMDAwMCwidXBkYXRlIjoxODAwMDAwMDAwMDAwfX0=",
          "dependencies": [
            "azurerm_network_interface.mynic",
            "azurerm_network_security_group.azure_nsg",
            "azurerm_public_ip.public_ip",
            "azurerm_resource_group.myrg",
            "azurerm_subnet.public_subnet",
            "azurerm_virtual_network.myvnet"
          ]
        },
        {
          "index_key": 1,
          "schema_version": 0,
          "attributes": {
            "id": "/subscriptions/4b753fb2-cf04-489b-a839-415c069e338e/resourceGroups/myrg/providers/Microsoft.Network/networkInterfaces/azure-nic-1|/subscriptions/4b753fb2-cf04-489b-a839-415c069e338e/resourceGroups/myrg/providers/Microsoft.Network/networkSecurityGroups/azure_nsg",
            "network_interface_id": "/subscriptions/4b753fb2-cf04-489b-a839-415c069e338e/resourceGroups/myrg/providers/Microsoft.Network/networkInterfaces/azure-nic-1",
            "network_security_group_id": "/subscriptions/4b753fb2-cf04-489b-a839-415c069e338e/resourceGroups/myrg/providers/Microsoft.Network/networkSecurityGroups/azure_nsg",
            "timeouts": null
          },
          "private": "eyJlMmJmYjczMC1lY2FhLTExZTYtOGY4OC0zNDM2M2JjN2M0YzAiOnsiY3JlYXRlIjoxODAwMDAwMDAwMDAwLCJkZWxldGUiOjE4MDAwMDAwMDAwMDAsInJlYWQiOjMwMDAwMDAwMDAwMCwidXBkYXRlIjoxODAwMDAwMDAwMDAwfX0=",
          "dependencies": [
            "azurerm_network_interface.mynic",
            "azurerm_network_security_group.azure_nsg",
            "azurerm_public_ip.public_ip",
            "azurerm_resource_group.myrg",
            "azurerm_subnet.public_subnet",
            "azurerm_virtual_network.myvnet"
          ]
        }
      ]
    },
    {
      "mode": "managed",
      "type": "azurerm_network_security_group",
      "name": "azure_nsg",
      "provider": "provider.azurerm",
      "instances": [
        {
          "schema_version": 0,
          "attributes": {
            "id": "/subscriptions/4b753fb2-cf04-489b-a839-415c069e338e/resourceGroups/myrg/providers/Microsoft.Network/networkSecurityGroups/azure_nsg",
            "location": "eastus2",
            "name": "azure_nsg",
            "resource_group_name": "myrg",
            "security_rule": [
              {
                "access": "Allow",
                "description": "",
                "destination_address_prefix": "*",
                "destination_address_prefixes": [],
                "destination_application_security_group_ids": [],
                "destination_port_range": "*",
                "destination_port_ranges": [],
                "direction": "Inbound",
                "name": "nsgrule",
                "priority": 100,
                "protocol": "tcp",
                "source_address_prefix": "*",
                "source_address_prefixes": [],
                "source_application_security_group_ids": [],
                "source_port_range": "*",
                "source_port_ranges": []
              }
            ],
            "tags": {
              "environment": "Azure"
            },
            "timeouts": null
          },
          "private": "eyJlMmJmYjczMC1lY2FhLTExZTYtOGY4OC0zNDM2M2JjN2M0YzAiOnsiY3JlYXRlIjoxODAwMDAwMDAwMDAwLCJkZWxldGUiOjE4MDAwMDAwMDAwMDAsInJlYWQiOjMwMDAwMDAwMDAwMCwidXBkYXRlIjoxODAwMDAwMDAwMDAwfX0=",
          "dependencies": [
            "azurerm_resource_group.myrg"
          ]
        }
      ]
    },
    {
      "mode": "managed",
      "type": "azurerm_public_ip",
      "name": "public_ip",
      "each": "list",
      "provider": "provider.azurerm",
      "instances": [
        {
          "index_key": 0,
          "schema_version": 0,
          "attributes": {
            "allocation_method": "Dynamic",
            "domain_name_label": null,
            "fqdn": null,
            "id": "/subscriptions/4b753fb2-cf04-489b-a839-415c069e338e/resourceGroups/myrg/providers/Microsoft.Network/publicIPAddresses/azure_ip-0",
            "idle_timeout_in_minutes": 4,
            "ip_address": "",
            "ip_version": "IPv4",
            "location": "eastus2",
            "name": "azure_ip-0",
            "public_ip_prefix_id": null,
            "resource_group_name": "myrg",
            "reverse_fqdn": null,
            "sku": "Basic",
            "tags": null,
            "timeouts": null,
            "zones": null
          },
          "private": "eyJlMmJmYjczMC1lY2FhLTExZTYtOGY4OC0zNDM2M2JjN2M0YzAiOnsiY3JlYXRlIjoxODAwMDAwMDAwMDAwLCJkZWxldGUiOjE4MDAwMDAwMDAwMDAsInJlYWQiOjMwMDAwMDAwMDAwMCwidXBkYXRlIjoxODAwMDAwMDAwMDAwfX0=",
          "dependencies": [
            "azurerm_resource_group.myrg"
          ]
        },
        {
          "index_key": 1,
          "schema_version": 0,
          "attributes": {
            "allocation_method": "Dynamic",
            "domain_name_label": null,
            "fqdn": null,
            "id": "/subscriptions/4b753fb2-cf04-489b-a839-415c069e338e/resourceGroups/myrg/providers/Microsoft.Network/publicIPAddresses/azure_ip-1",
            "idle_timeout_in_minutes": 4,
            "ip_address": "",
            "ip_version": "IPv4",
            "location": "eastus2",
            "name": "azure_ip-1",
            "public_ip_prefix_id": null,
            "resource_group_name": "myrg",
            "reverse_fqdn": null,
            "sku": "Basic",
            "tags": null,
            "timeouts": null,
            "zones": null
          },
          "private": "eyJlMmJmYjczMC1lY2FhLTExZTYtOGY4OC0zNDM2M2JjN2M0YzAiOnsiY3JlYXRlIjoxODAwMDAwMDAwMDAwLCJkZWxldGUiOjE4MDAwMDAwMDAwMDAsInJlYWQiOjMwMDAwMDAwMDAwMCwidXBkYXRlIjoxODAwMDAwMDAwMDAwfX0=",
          "dependencies": [
            "azurerm_resource_group.myrg"
          ]
        }
      ]
    },
    {
      "mode": "managed",
      "type": "azurerm_resource_group",
      "name": "myrg",
      "provider": "provider.azurerm",
      "instances": [
        {
          "schema_version": 0,
          "attributes": {
            "id": "/subscriptions/4b753fb2-cf04-489b-a839-415c069e338e/resourceGroups/myrg",
            "location": "eastus2",
            "name": "myrg",
            "tags": null,
            "timeouts": null
          },
          "private": "eyJlMmJmYjczMC1lY2FhLTExZTYtOGY4OC0zNDM2M2JjN2M0YzAiOnsiY3JlYXRlIjo1NDAwMDAwMDAwMDAwLCJkZWxldGUiOjU0MDAwMDAwMDAwMDAsInJlYWQiOjMwMDAwMDAwMDAwMCwidXBkYXRlIjo1NDAwMDAwMDAwMDAwfX0="
        }
      ]
    },
    {
      "mode": "managed",
      "type": "azurerm_subnet",
      "name": "public_subnet",
      "each": "list",
      "provider": "provider.azurerm",
      "instances": [
        {
          "index_key": 0,
          "schema_version": 0,
          "attributes": {
            "address_prefix": "10.0.1.0/24",
            "delegation": [],
            "enforce_private_link_endpoint_network_policies": false,
            "enforce_private_link_service_network_policies": false,
            "id": "/subscriptions/4b753fb2-cf04-489b-a839-415c069e338e/resourceGroups/myrg/providers/Microsoft.Network/virtualNetworks/vnet1/subnets/public_subnet-0",
            "name": "public_subnet-0",
            "resource_group_name": "myrg",
            "service_endpoints": null,
            "timeouts": null,
            "virtual_network_name": "vnet1"
          },
          "private": "eyJlMmJmYjczMC1lY2FhLTExZTYtOGY4OC0zNDM2M2JjN2M0YzAiOnsiY3JlYXRlIjoxODAwMDAwMDAwMDAwLCJkZWxldGUiOjE4MDAwMDAwMDAwMDAsInJlYWQiOjMwMDAwMDAwMDAwMCwidXBkYXRlIjoxODAwMDAwMDAwMDAwfX0=",
          "dependencies": [
            "azurerm_resource_group.myrg",
            "azurerm_virtual_network.myvnet"
          ]
        },
        {
          "index_key": 1,
          "schema_version": 0,
          "attributes": {
            "address_prefix": "10.0.2.0/24",
            "delegation": [],
            "enforce_private_link_endpoint_network_policies": false,
            "enforce_private_link_service_network_policies": false,
            "id": "/subscriptions/4b753fb2-cf04-489b-a839-415c069e338e/resourceGroups/myrg/providers/Microsoft.Network/virtualNetworks/vnet1/subnets/public_subnet-1",
            "name": "public_subnet-1",
            "resource_group_name": "myrg",
            "service_endpoints": null,
            "timeouts": null,
            "virtual_network_name": "vnet1"
          },
          "private": "eyJlMmJmYjczMC1lY2FhLTExZTYtOGY4OC0zNDM2M2JjN2M0YzAiOnsiY3JlYXRlIjoxODAwMDAwMDAwMDAwLCJkZWxldGUiOjE4MDAwMDAwMDAwMDAsInJlYWQiOjMwMDAwMDAwMDAwMCwidXBkYXRlIjoxODAwMDAwMDAwMDAwfX0=",
          "dependencies": [
            "azurerm_resource_group.myrg",
            "azurerm_virtual_network.myvnet"
          ]
        }
      ]
    },
    {
      "mode": "managed",
      "type": "azurerm_virtual_machine",
      "name": "vm",
      "each": "list",
      "provider": "provider.azurerm",
      "instances": [
        {
          "index_key": 0,
          "schema_version": 0,
          "attributes": {
            "additional_capabilities": [],
            "availability_set_id": "/subscriptions/4b753fb2-cf04-489b-a839-415c069e338e/resourcegroups/myrg/providers/microsoft.compute/availabilitysets/avset-0",
            "boot_diagnostics": [],
            "delete_data_disks_on_termination": true,
            "delete_os_disk_on_termination": true,
            "id": "/subscriptions/4b753fb2-cf04-489b-a839-415c069e338e/resourceGroups/myrg/providers/Microsoft.Compute/virtualMachines/azure_vm-0",
            "identity": [],
            "license_type": null,
            "location": "eastus2",
            "name": "azure_vm-0",
            "network_interface_ids": [
              "/subscriptions/4b753fb2-cf04-489b-a839-415c069e338e/resourceGroups/myrg/providers/Microsoft.Network/networkInterfaces/azure-nic-0"
            ],
            "os_profile": [
              {
                "admin_password": "",
                "admin_username": "ubuntu",
                "computer_name": "azure-instance-0",
                "custom_data": "ebefa1fe031cf19601e15a26389bb8d154688a65"
              }
            ],
            "os_profile_linux_config": [
              {
                "disable_password_authentication": true,
                "ssh_keys": [
                  {
                    "key_data": "ssh-rsa AAAAB3NzaC1yc2EAAAADAQABAAABAQDnSKvVUvCB/QP+AmyPuDifOpFimiZb0V5/3w8h7DF22ItAm4k6AQM44U4p+ohG74jinyBLvC9I+raCA6wDo99fJSBVyNwjMCBY+1bVusV54bNtiOIMboDhTHHma+hRjOqHpxnffxKZWHrwqEEqUadjoFc0urRgCnOteGQ0IhH5OpwjLDYaozzcvSBPRNaUoAHM1RA4ejtQ2w3XEd31xGTsY+yT3g3/Ma4RE3HYNNY41oE7NatHwjzFedZWBByE+8ZfOXo/TcB4rn+3Bprf4Bb3XePYPyA55nKqEfvIlMvR7enGgGF7hdZ/6RZH83A4jCsYrdAVUEwCpUaPtGfAAvMd ubuntu@ubuntu\n",
                    "path": "/home/ubuntu/.ssh/authorized_keys"
                  }
                ]
              }
            ],
            "os_profile_secrets": [],
            "os_profile_windows_config": [],
            "plan": [],
            "primary_network_interface_id": null,
            "proximity_placement_group_id": null,
            "resource_group_name": "myrg",
            "storage_data_disk": [],
            "storage_image_reference": [
              {
                "id": "",
                "offer": "UbuntuServer",
                "publisher": "Canonical",
                "sku": "18.04-LTS",
                "version": "latest"
              }
            ],
            "storage_os_disk": [
              {
                "caching": "ReadWrite",
                "create_option": "FromImage",
                "disk_size_gb": 30,
                "image_uri": "",
                "managed_disk_id": "/subscriptions/4b753fb2-cf04-489b-a839-415c069e338e/resourceGroups/MYRG/providers/Microsoft.Compute/disks/azure_disk-0",
                "managed_disk_type": "Standard_LRS",
                "name": "azure_disk-0",
                "os_type": "Linux",
                "vhd_uri": "",
                "write_accelerator_enabled": false
              }
            ],
            "tags": null,
            "timeouts": null,
            "vm_size": "Standard_D2s_v3",
            "zones": null
          },
          "private": "eyJlMmJmYjczMC1lY2FhLTExZTYtOGY4OC0zNDM2M2JjN2M0YzAiOnsiY3JlYXRlIjozNjAwMDAwMDAwMDAwLCJkZWxldGUiOjM2MDAwMDAwMDAwMDAsInJlYWQiOjMwMDAwMDAwMDAwMCwidXBkYXRlIjozNjAwMDAwMDAwMDAwfX0=",
          "dependencies": [
            "azurerm_availability_set.avset",
            "azurerm_network_interface.mynic",
            "azurerm_public_ip.public_ip",
            "azurerm_resource_group.myrg",
            "azurerm_subnet.public_subnet",
            "azurerm_virtual_network.myvnet"
          ]
        },
        {
          "index_key": 1,
          "schema_version": 0,
          "attributes": {
            "additional_capabilities": [],
            "availability_set_id": "/subscriptions/4b753fb2-cf04-489b-a839-415c069e338e/resourcegroups/myrg/providers/microsoft.compute/availabilitysets/avset-1",
            "boot_diagnostics": [],
            "delete_data_disks_on_termination": true,
            "delete_os_disk_on_termination": true,
            "id": "/subscriptions/4b753fb2-cf04-489b-a839-415c069e338e/resourceGroups/myrg/providers/Microsoft.Compute/virtualMachines/azure_vm-1",
            "identity": [],
            "license_type": null,
            "location": "eastus2",
            "name": "azure_vm-1",
            "network_interface_ids": [
              "/subscriptions/4b753fb2-cf04-489b-a839-415c069e338e/resourceGroups/myrg/providers/Microsoft.Network/networkInterfaces/azure-nic-1"
            ],
            "os_profile": [
              {
                "admin_password": "",
                "admin_username": "ubuntu",
                "computer_name": "azure-instance-1",
                "custom_data": "ebefa1fe031cf19601e15a26389bb8d154688a65"
              }
            ],
            "os_profile_linux_config": [
              {
                "disable_password_authentication": true,
                "ssh_keys": [
                  {
                    "key_data": "ssh-rsa AAAAB3NzaC1yc2EAAAADAQABAAABAQDnSKvVUvCB/QP+AmyPuDifOpFimiZb0V5/3w8h7DF22ItAm4k6AQM44U4p+ohG74jinyBLvC9I+raCA6wDo99fJSBVyNwjMCBY+1bVusV54bNtiOIMboDhTHHma+hRjOqHpxnffxKZWHrwqEEqUadjoFc0urRgCnOteGQ0IhH5OpwjLDYaozzcvSBPRNaUoAHM1RA4ejtQ2w3XEd31xGTsY+yT3g3/Ma4RE3HYNNY41oE7NatHwjzFedZWBByE+8ZfOXo/TcB4rn+3Bprf4Bb3XePYPyA55nKqEfvIlMvR7enGgGF7hdZ/6RZH83A4jCsYrdAVUEwCpUaPtGfAAvMd ubuntu@ubuntu\n",
                    "path": "/home/ubuntu/.ssh/authorized_keys"
                  }
                ]
              }
            ],
            "os_profile_secrets": [],
            "os_profile_windows_config": [],
            "plan": [],
            "primary_network_interface_id": null,
            "proximity_placement_group_id": null,
            "resource_group_name": "myrg",
            "storage_data_disk": [],
            "storage_image_reference": [
              {
                "id": "",
                "offer": "UbuntuServer",
                "publisher": "Canonical",
                "sku": "18.04-LTS",
                "version": "latest"
              }
            ],
            "storage_os_disk": [
              {
                "caching": "ReadWrite",
                "create_option": "FromImage",
                "disk_size_gb": 30,
                "image_uri": "",
                "managed_disk_id": "/subscriptions/4b753fb2-cf04-489b-a839-415c069e338e/resourceGroups/MYRG/providers/Microsoft.Compute/disks/azure_disk-1",
                "managed_disk_type": "Standard_LRS",
                "name": "azure_disk-1",
                "os_type": "Linux",
                "vhd_uri": "",
                "write_accelerator_enabled": false
              }
            ],
            "tags": null,
            "timeouts": null,
            "vm_size": "Standard_D2s_v3",
            "zones": null
          },
          "private": "eyJlMmJmYjczMC1lY2FhLTExZTYtOGY4OC0zNDM2M2JjN2M0YzAiOnsiY3JlYXRlIjozNjAwMDAwMDAwMDAwLCJkZWxldGUiOjM2MDAwMDAwMDAwMDAsInJlYWQiOjMwMDAwMDAwMDAwMCwidXBkYXRlIjozNjAwMDAwMDAwMDAwfX0=",
          "dependencies": [
            "azurerm_availability_set.avset",
            "azurerm_network_interface.mynic",
            "azurerm_public_ip.public_ip",
            "azurerm_resource_group.myrg",
            "azurerm_subnet.public_subnet",
            "azurerm_virtual_network.myvnet"
          ]
        }
      ]
    },
    {
      "mode": "managed",
      "type": "azurerm_virtual_network",
      "name": "myvnet",
      "provider": "provider.azurerm",
      "instances": [
        {
          "schema_version": 0,
          "attributes": {
            "address_space": [
              "10.0.0.0/16"
            ],
            "ddos_protection_plan": [],
            "dns_servers": null,
            "id": "/subscriptions/4b753fb2-cf04-489b-a839-415c069e338e/resourceGroups/myrg/providers/Microsoft.Network/virtualNetworks/vnet1",
            "location": "eastus2",
            "name": "vnet1",
            "resource_group_name": "myrg",
            "subnet": [],
            "tags": null,
            "timeouts": null
          },
          "private": "eyJlMmJmYjczMC1lY2FhLTExZTYtOGY4OC0zNDM2M2JjN2M0YzAiOnsiY3JlYXRlIjoxODAwMDAwMDAwMDAwLCJkZWxldGUiOjE4MDAwMDAwMDAwMDAsInJlYWQiOjMwMDAwMDAwMDAwMCwidXBkYXRlIjoxODAwMDAwMDAwMDAwfX0=",
          "dependencies": [
            "azurerm_resource_group.myrg"
          ]
        }
      ]
    }
  ]
}
