{
  "version": 4,
  "terraform_version": "0.12.21",
  "serial": 108,
  "lineage": "ac6a67b7-527c-d708-9d3a-139661ec9b36",
  "outputs": {
    "Bucket_Name": {
      "value": "la-terraform-19719",
      "type": "string"
    },
    "Instance_ID": {
      "value": "i-064f0cdabee3013d9, i-091bd9c110c5ba568",
      "type": "string"
    },
    "Public_Ips": {
      "value": "13.234.240.179, 35.154.250.202",
      "type": "string"
    },
    "Public_Subnets": {
      "value": "subnet-0f83b5fd273cdc31f, subnet-0a9698291759824c6",
      "type": "string"
    },
    "Subnets_Ips": {
      "value": "10.123.1.0/24, 10.123.2.0/24",
      "type": "string"
    }
  },
  "resources": [
    {
      "module": "module.compute",
      "mode": "data",
      "type": "aws_ami",
      "name": "server_ami",
      "provider": "module.compute.provider.aws",
      "instances": [
        {
          "schema_version": 0,
          "attributes": {
            "architecture": "x86_64",
            "block_device_mappings": [
              {
                "device_name": "/dev/sda1",
                "ebs": {
                  "delete_on_termination": "true",
                  "encrypted": "false",
                  "iops": "0",
                  "snapshot_id": "snap-0fddb5ed635c28641",
                  "volume_size": "8",
                  "volume_type": "gp2"
                },
                "no_device": "",
                "virtual_name": ""
              },
              {
                "device_name": "/dev/sdb",
                "ebs": {},
                "no_device": "",
                "virtual_name": "ephemeral0"
              },
              {
                "device_name": "/dev/sdc",
                "ebs": {},
                "no_device": "",
                "virtual_name": "ephemeral1"
              }
            ],
            "creation_date": "2020-03-12T20:56:14.000Z",
            "description": "Canonical, Ubuntu, 18.04 LTS, amd64 bionic image build on 2020-03-11",
            "executable_users": null,
            "filter": [
              {
                "name": "name",
                "values": [
                  "ubuntu/images/hvm-ssd/ubuntu-*18.04-amd64-server-*"
                ]
              },
              {
                "name": "virtualization-type",
                "values": [
                  "hvm"
                ]
              }
            ],
            "hypervisor": "xen",
            "id": "ami-07e1fa806544a2c40",
            "image_id": "ami-07e1fa806544a2c40",
            "image_location": "099720109477/ubuntu/images/hvm-ssd/ubuntu-bionic-18.04-amd64-server-20200311",
            "image_owner_alias": null,
            "image_type": "machine",
            "kernel_id": null,
            "most_recent": true,
            "name": "ubuntu/images/hvm-ssd/ubuntu-bionic-18.04-amd64-server-20200311",
            "name_regex": null,
            "owner_id": "099720109477",
            "owners": [
              "099720109477"
            ],
            "platform": null,
            "product_codes": [],
            "public": true,
            "ramdisk_id": null,
            "root_device_name": "/dev/sda1",
            "root_device_type": "ebs",
            "root_snapshot_id": "snap-0fddb5ed635c28641",
            "sriov_net_support": "simple",
            "state": "available",
            "state_reason": {
              "code": "UNSET",
              "message": "UNSET"
            },
            "tags": {},
            "virtualization_type": "hvm"
          }
        }
      ]
    },
    {
      "module": "module.networking",
      "mode": "data",
      "type": "aws_availability_zones",
      "name": "available",
      "provider": "provider.aws",
      "instances": [
        {
          "schema_version": 0,
          "attributes": {
            "blacklisted_names": null,
            "blacklisted_zone_ids": null,
            "id": "2020-03-16 20:12:44.488624464 +0000 UTC",
            "names": [
              "ap-south-1a",
              "ap-south-1b",
              "ap-south-1c"
            ],
            "state": null,
            "zone_ids": [
              "aps1-az1",
              "aps1-az3",
              "aps1-az2"
            ]
          }
        }
      ]
    },
    {
      "module": "module.compute",
      "mode": "data",
      "type": "template_file",
      "name": "user-init",
      "each": "list",
      "provider": "provider.template",
      "instances": [
        {
          "index_key": 0,
          "schema_version": 0,
          "attributes": {
            "filename": null,
            "id": "a49012eddc33a0c4088bd38a55756d5bf8dd910041a1eb43b434d82e80940d33",
            "rendered": "#!/bin/bash\nsudo apt install -y httpd\necho \"10.123.1.0/24\" \u003e\u003e /var/www/html/index.html\nsudo systemctl start httpd\nchkconfig httpd on\n",
            "template": "#!/bin/bash\nsudo apt install -y httpd\necho \"${firewall_subnets}\" \u003e\u003e /var/www/html/index.html\nsudo systemctl start httpd\nchkconfig httpd on\n",
            "vars": {
              "firewall_subnets": "10.123.1.0/24"
            }
          }
        },
        {
          "index_key": 1,
          "schema_version": 0,
          "attributes": {
            "filename": null,
            "id": "1b24455133ad4e26497bdc0d2cb7b46ce060c7672e75132b9a275b260196a24f",
            "rendered": "#!/bin/bash\nsudo apt install -y httpd\necho \"10.123.2.0/24\" \u003e\u003e /var/www/html/index.html\nsudo systemctl start httpd\nchkconfig httpd on\n",
            "template": "#!/bin/bash\nsudo apt install -y httpd\necho \"${firewall_subnets}\" \u003e\u003e /var/www/html/index.html\nsudo systemctl start httpd\nchkconfig httpd on\n",
            "vars": {
              "firewall_subnets": "10.123.2.0/24"
            }
          }
        }
      ]
    },
    {
      "module": "module.networking",
      "mode": "managed",
      "type": "aws_default_route_table",
      "name": "privatert",
      "provider": "provider.aws",
      "instances": [
        {
          "schema_version": 0,
          "attributes": {
            "default_route_table_id": "rtb-0614be138faf68d1a",
            "id": "rtb-0614be138faf68d1a",
            "owner_id": "381144738155",
            "propagating_vgws": null,
            "route": [],
            "tags": {
              "Name": "default-rt"
            },
            "vpc_id": "vpc-0aa0c8a1bb4f7fcdb"
          },
          "private": "bnVsbA==",
          "dependencies": [
            "module.networking.aws_vpc.lavpc"
          ]
        }
      ]
    },
    {
      "module": "module.compute",
      "mode": "managed",
      "type": "aws_instance",
      "name": "server",
      "each": "list",
      "provider": "module.compute.provider.aws",
      "instances": [
        {
          "index_key": 0,
          "schema_version": 1,
          "attributes": {
            "ami": "ami-07e1fa806544a2c40",
            "arn": "arn:aws:ec2:ap-south-1:381144738155:instance/i-064f0cdabee3013d9",
            "associate_public_ip_address": true,
            "availability_zone": "ap-south-1a",
            "cpu_core_count": 1,
            "cpu_threads_per_core": 1,
            "credit_specification": [
              {
                "cpu_credits": "standard"
              }
            ],
            "disable_api_termination": false,
            "ebs_block_device": [],
            "ebs_optimized": false,
            "ephemeral_block_device": [],
            "get_password_data": false,
            "hibernation": false,
            "host_id": null,
            "iam_instance_profile": "",
            "id": "i-064f0cdabee3013d9",
            "instance_initiated_shutdown_behavior": null,
            "instance_state": "running",
            "instance_type": "t2.micro",
            "ipv6_address_count": 0,
            "ipv6_addresses": [],
            "key_name": "tf_auth",
            "monitoring": false,
            "network_interface": [],
            "network_interface_id": null,
            "password_data": "",
            "placement_group": "",
            "primary_network_interface_id": "eni-05f32f3c4e48a2d7f",
            "private_dns": "ip-10-123-1-226.ap-south-1.compute.internal",
            "private_ip": "10.123.1.226",
            "public_dns": "",
            "public_ip": "13.234.240.179",
            "root_block_device": [
              {
                "delete_on_termination": true,
                "encrypted": false,
                "iops": 100,
                "kms_key_id": "",
                "volume_id": "vol-09fdbac59457fb225",
                "volume_size": 8,
                "volume_type": "gp2"
              }
            ],
            "security_groups": [],
            "source_dest_check": true,
            "subnet_id": "subnet-0f83b5fd273cdc31f",
            "tags": {
              "Name": "server_1"
            },
            "tenancy": "default",
            "timeouts": null,
            "user_data": "b824d0c5168d7a6265befd3cf70f6721c12774c8",
            "user_data_base64": null,
            "volume_tags": {},
            "vpc_security_group_ids": [
              "sg-0690540b17aff8784"
            ]
          },
          "private": "eyJlMmJmYjczMC1lY2FhLTExZTYtOGY4OC0zNDM2M2JjN2M0YzAiOnsiY3JlYXRlIjo2MDAwMDAwMDAwMDAsImRlbGV0ZSI6MTIwMDAwMDAwMDAwMCwidXBkYXRlIjo2MDAwMDAwMDAwMDB9LCJzY2hlbWFfdmVyc2lvbiI6IjEifQ==",
          "dependencies": [
            "module.compute.aws_key_pair.tf_auth",
            "module.networking.aws_security_group.lasg",
            "module.networking.aws_subnet.public_subnet",
            "module.networking.aws_vpc.lavpc"
          ]
        },
        {
          "index_key": 1,
          "schema_version": 1,
          "attributes": {
            "ami": "ami-07e1fa806544a2c40",
            "arn": "arn:aws:ec2:ap-south-1:381144738155:instance/i-091bd9c110c5ba568",
            "associate_public_ip_address": true,
            "availability_zone": "ap-south-1b",
            "cpu_core_count": 1,
            "cpu_threads_per_core": 1,
            "credit_specification": [
              {
                "cpu_credits": "standard"
              }
            ],
            "disable_api_termination": false,
            "ebs_block_device": [],
            "ebs_optimized": false,
            "ephemeral_block_device": [],
            "get_password_data": false,
            "hibernation": false,
            "host_id": null,
            "iam_instance_profile": "",
            "id": "i-091bd9c110c5ba568",
            "instance_initiated_shutdown_behavior": null,
            "instance_state": "running",
            "instance_type": "t2.micro",
            "ipv6_address_count": 0,
            "ipv6_addresses": [],
            "key_name": "tf_auth",
            "monitoring": false,
            "network_interface": [],
            "network_interface_id": null,
            "password_data": "",
            "placement_group": "",
            "primary_network_interface_id": "eni-065dd983c74b251e2",
            "private_dns": "ip-10-123-2-245.ap-south-1.compute.internal",
            "private_ip": "10.123.2.245",
            "public_dns": "",
            "public_ip": "35.154.250.202",
            "root_block_device": [
              {
                "delete_on_termination": true,
                "encrypted": false,
                "iops": 100,
                "kms_key_id": "",
                "volume_id": "vol-0d3a77cbb1beee482",
                "volume_size": 8,
                "volume_type": "gp2"
              }
            ],
            "security_groups": [],
            "source_dest_check": true,
            "subnet_id": "subnet-0a9698291759824c6",
            "tags": {
              "Name": "server_2"
            },
            "tenancy": "default",
            "timeouts": null,
            "user_data": "9c8f2bd08217f5ed92bed3393a9b8ca927e11a66",
            "user_data_base64": null,
            "volume_tags": {},
            "vpc_security_group_ids": [
              "sg-0690540b17aff8784"
            ]
          },
          "private": "eyJlMmJmYjczMC1lY2FhLTExZTYtOGY4OC0zNDM2M2JjN2M0YzAiOnsiY3JlYXRlIjo2MDAwMDAwMDAwMDAsImRlbGV0ZSI6MTIwMDAwMDAwMDAwMCwidXBkYXRlIjo2MDAwMDAwMDAwMDB9LCJzY2hlbWFfdmVyc2lvbiI6IjEifQ==",
          "dependencies": [
            "module.compute.aws_key_pair.tf_auth",
            "module.networking.aws_security_group.lasg",
            "module.networking.aws_subnet.public_subnet",
            "module.networking.aws_vpc.lavpc"
          ]
        }
      ]
    },
    {
      "module": "module.networking",
      "mode": "managed",
      "type": "aws_internet_gateway",
      "name": "laigw",
      "provider": "provider.aws",
      "instances": [
        {
          "schema_version": 0,
          "attributes": {
            "id": "igw-0d50cf301af55abac",
            "owner_id": "381144738155",
            "tags": {
              "Name": "la-igw"
            },
            "vpc_id": "vpc-0aa0c8a1bb4f7fcdb"
          },
          "private": "bnVsbA==",
          "dependencies": [
            "module.networking.aws_vpc.lavpc"
          ]
        }
      ]
    },
    {
      "module": "module.compute",
      "mode": "managed",
      "type": "aws_key_pair",
      "name": "tf_auth",
      "provider": "module.compute.provider.aws",
      "instances": [
        {
          "schema_version": 1,
          "attributes": {
            "fingerprint": "bf:55:ad:6f:4f:0d:83:23:a4:fd:f0:16:a4:e6:19:15",
            "id": "tf_auth",
            "key_name": "tf_auth",
            "key_name_prefix": null,
            "key_pair_id": "key-0f60645430e5898c5",
            "public_key": "ssh-rsa AAAAB3NzaC1yc2EAAAADAQABAAABAQDVoErad3PlJS3uS/tuJzxKxM+s8jDLls8581C8hLGV6ZxD5MnjTM8c9G+f4qVQKhm2HlOjlW8BCJWxW/AYVpIN9zR1Up08u9tc5QQeX4esxmTimoROm52BIShNJHt+yRX3zqswhtNnAgpQOQTX8b3cRb2RX+ulNzT24l34evDAjvOKv9/WLgLAfueabNXGCawyqOUUFVTbEWGYXCWGMJxJReD9JrF9UmUO4WgAlQwE8RyJiV3XSLp+rSAmHBNkO7v86NneOtPeSqEZobvnF5zqhpE1MaFQxNQljvQj+BG8BNdtx/TslOPvS453Y6NcAlbAFXg966qmzvcLMNehJgRb ubuntu@soniboy",
            "tags": null
          },
          "private": "eyJzY2hlbWFfdmVyc2lvbiI6IjEifQ=="
        }
      ]
    },
    {
      "module": "module.networking",
      "mode": "managed",
      "type": "aws_route_table",
      "name": "publicrt",
      "provider": "provider.aws",
      "instances": [
        {
          "schema_version": 0,
          "attributes": {
            "id": "rtb-054625c04e3ec99cd",
            "owner_id": "381144738155",
            "propagating_vgws": [],
            "route": [
              {
                "cidr_block": "0.0.0.0/0",
                "egress_only_gateway_id": "",
                "gateway_id": "igw-0d50cf301af55abac",
                "instance_id": "",
                "ipv6_cidr_block": "",
                "nat_gateway_id": "",
                "network_interface_id": "",
                "transit_gateway_id": "",
                "vpc_peering_connection_id": ""
              }
            ],
            "tags": {
              "Name": "public rt"
            },
            "vpc_id": "vpc-0aa0c8a1bb4f7fcdb"
          },
          "private": "bnVsbA==",
          "dependencies": [
            "module.networking.aws_internet_gateway.laigw",
            "module.networking.aws_vpc.lavpc"
          ]
        }
      ]
    },
    {
      "module": "module.networking",
      "mode": "managed",
      "type": "aws_route_table_association",
      "name": "route_assc",
      "each": "list",
      "provider": "provider.aws",
      "instances": [
        {
          "index_key": 0,
          "schema_version": 0,
          "attributes": {
            "gateway_id": null,
            "id": "rtbassoc-0ccd8cc57f7828a93",
            "route_table_id": "rtb-054625c04e3ec99cd",
            "subnet_id": "subnet-0f83b5fd273cdc31f"
          },
          "private": "bnVsbA==",
          "dependencies": [
            "module.networking.aws_internet_gateway.laigw",
            "module.networking.aws_route_table.publicrt",
            "module.networking.aws_subnet.public_subnet",
            "module.networking.aws_vpc.lavpc"
          ]
        },
        {
          "index_key": 1,
          "schema_version": 0,
          "attributes": {
            "gateway_id": null,
            "id": "rtbassoc-0d8dd23a332a4bce2",
            "route_table_id": "rtb-054625c04e3ec99cd",
            "subnet_id": "subnet-0a9698291759824c6"
          },
          "private": "bnVsbA==",
          "dependencies": [
            "module.networking.aws_internet_gateway.laigw",
            "module.networking.aws_route_table.publicrt",
            "module.networking.aws_subnet.public_subnet",
            "module.networking.aws_vpc.lavpc"
          ]
        }
      ]
    },
    {
      "module": "module.storage",
      "mode": "managed",
      "type": "aws_s3_bucket",
      "name": "las3",
      "provider": "module.storage.provider.aws",
      "instances": [
        {
          "schema_version": 0,
          "attributes": {
            "acceleration_status": "",
            "acl": "private",
            "arn": "arn:aws:s3:::la-terraform-19719",
            "bucket": "la-terraform-19719",
            "bucket_domain_name": "la-terraform-19719.s3.amazonaws.com",
            "bucket_prefix": null,
            "bucket_regional_domain_name": "la-terraform-19719.s3.ap-south-1.amazonaws.com",
            "cors_rule": [],
            "force_destroy": true,
            "grant": [],
            "hosted_zone_id": "Z11RGJOFQNVJUP",
            "id": "la-terraform-19719",
            "lifecycle_rule": [],
            "logging": [],
            "object_lock_configuration": [],
            "policy": null,
            "region": "ap-south-1",
            "replication_configuration": [],
            "request_payer": "BucketOwner",
            "server_side_encryption_configuration": [],
            "tags": null,
            "versioning": [
              {
                "enabled": false,
                "mfa_delete": false
              }
            ],
            "website": [],
            "website_domain": null,
            "website_endpoint": null
          },
          "private": "bnVsbA==",
          "dependencies": [
            "module.storage.random_id.s3id"
          ]
        }
      ]
    },
    {
      "module": "module.networking",
      "mode": "managed",
      "type": "aws_security_group",
      "name": "lasg",
      "provider": "provider.aws",
      "instances": [
        {
          "schema_version": 1,
          "attributes": {
            "arn": "arn:aws:ec2:ap-south-1:381144738155:security-group/sg-0690540b17aff8784",
            "description": "Managed by Terraform",
            "egress": [
              {
                "cidr_blocks": [
                  "0.0.0.0/0"
                ],
                "description": "",
                "from_port": 0,
                "ipv6_cidr_blocks": [],
                "prefix_list_ids": [],
                "protocol": "-1",
                "security_groups": [],
                "self": false,
                "to_port": 0
              }
            ],
            "id": "sg-0690540b17aff8784",
            "ingress": [
              {
                "cidr_blocks": [
                  "120.138.124.154/32"
                ],
                "description": "",
                "from_port": 22,
                "ipv6_cidr_blocks": [],
                "prefix_list_ids": [],
                "protocol": "tcp",
                "security_groups": [],
                "self": false,
                "to_port": 22
              },
              {
                "cidr_blocks": [
                  "120.138.124.154/32"
                ],
                "description": "",
                "from_port": 80,
                "ipv6_cidr_blocks": [],
                "prefix_list_ids": [],
                "protocol": "tcp",
                "security_groups": [],
                "self": false,
                "to_port": 80
              }
            ],
            "name": "public_sg",
            "name_prefix": null,
            "owner_id": "381144738155",
            "revoke_rules_on_delete": false,
            "tags": null,
            "timeouts": null,
            "vpc_id": "vpc-0aa0c8a1bb4f7fcdb"
          },
          "private": "eyJlMmJmYjczMC1lY2FhLTExZTYtOGY4OC0zNDM2M2JjN2M0YzAiOnsiY3JlYXRlIjo2MDAwMDAwMDAwMDAsImRlbGV0ZSI6NjAwMDAwMDAwMDAwfSwic2NoZW1hX3ZlcnNpb24iOiIxIn0=",
          "dependencies": [
            "module.networking.aws_vpc.lavpc"
          ]
        }
      ]
    },
    {
      "module": "module.networking",
      "mode": "managed",
      "type": "aws_subnet",
      "name": "public_subnet",
      "each": "list",
      "provider": "provider.aws",
      "instances": [
        {
          "index_key": 0,
          "schema_version": 1,
          "attributes": {
            "arn": "arn:aws:ec2:ap-south-1:381144738155:subnet/subnet-0f83b5fd273cdc31f",
            "assign_ipv6_address_on_creation": false,
            "availability_zone": "ap-south-1a",
            "availability_zone_id": "aps1-az1",
            "cidr_block": "10.123.1.0/24",
            "id": "subnet-0f83b5fd273cdc31f",
            "ipv6_cidr_block": "",
            "ipv6_cidr_block_association_id": "",
            "map_public_ip_on_launch": true,
            "owner_id": "381144738155",
            "tags": {
              "Name": "public_subnet_1"
            },
            "timeouts": null,
            "vpc_id": "vpc-0aa0c8a1bb4f7fcdb"
          },
          "private": "eyJlMmJmYjczMC1lY2FhLTExZTYtOGY4OC0zNDM2M2JjN2M0YzAiOnsiY3JlYXRlIjo2MDAwMDAwMDAwMDAsImRlbGV0ZSI6MTIwMDAwMDAwMDAwMH0sInNjaGVtYV92ZXJzaW9uIjoiMSJ9",
          "dependencies": [
            "module.networking.aws_vpc.lavpc"
          ]
        },
        {
          "index_key": 1,
          "schema_version": 1,
          "attributes": {
            "arn": "arn:aws:ec2:ap-south-1:381144738155:subnet/subnet-0a9698291759824c6",
            "assign_ipv6_address_on_creation": false,
            "availability_zone": "ap-south-1b",
            "availability_zone_id": "aps1-az3",
            "cidr_block": "10.123.2.0/24",
            "id": "subnet-0a9698291759824c6",
            "ipv6_cidr_block": "",
            "ipv6_cidr_block_association_id": "",
            "map_public_ip_on_launch": true,
            "owner_id": "381144738155",
            "tags": {
              "Name": "public_subnet_2"
            },
            "timeouts": null,
            "vpc_id": "vpc-0aa0c8a1bb4f7fcdb"
          },
          "private": "eyJlMmJmYjczMC1lY2FhLTExZTYtOGY4OC0zNDM2M2JjN2M0YzAiOnsiY3JlYXRlIjo2MDAwMDAwMDAwMDAsImRlbGV0ZSI6MTIwMDAwMDAwMDAwMH0sInNjaGVtYV92ZXJzaW9uIjoiMSJ9",
          "dependencies": [
            "module.networking.aws_vpc.lavpc"
          ]
        }
      ]
    },
    {
      "module": "module.networking",
      "mode": "managed",
      "type": "aws_vpc",
      "name": "lavpc",
      "provider": "provider.aws",
      "instances": [
        {
          "schema_version": 1,
          "attributes": {
            "arn": "arn:aws:ec2:ap-south-1:381144738155:vpc/vpc-0aa0c8a1bb4f7fcdb",
            "assign_generated_ipv6_cidr_block": false,
            "cidr_block": "10.123.0.0/16",
            "default_network_acl_id": "acl-09525dbc87ae72e63",
            "default_route_table_id": "rtb-0614be138faf68d1a",
            "default_security_group_id": "sg-0a01f1b9d0a3c1785",
            "dhcp_options_id": "dopt-c550b2ae",
            "enable_classiclink": null,
            "enable_classiclink_dns_support": null,
            "enable_dns_hostnames": false,
            "enable_dns_support": true,
            "id": "vpc-0aa0c8a1bb4f7fcdb",
            "instance_tenancy": "default",
            "ipv6_association_id": "",
            "ipv6_cidr_block": "",
            "main_route_table_id": "rtb-0614be138faf68d1a",
            "owner_id": "381144738155",
            "tags": {
              "Name": "la-vpc"
            }
          },
          "private": "eyJzY2hlbWFfdmVyc2lvbiI6IjEifQ=="
        }
      ]
    },
    {
      "module": "module.storage",
      "mode": "managed",
      "type": "random_id",
      "name": "s3id",
      "provider": "provider.random",
      "instances": [
        {
          "schema_version": 0,
          "attributes": {
            "b64": "TQc",
            "b64_std": "TQc=",
            "b64_url": "TQc",
            "byte_length": 2,
            "dec": "19719",
            "hex": "4d07",
            "id": "TQc",
            "keepers": null,
            "prefix": null
          },
          "private": "bnVsbA=="
        }
      ]
    }
  ]
}
