{
  "version": 4,
  "terraform_version": "0.12.21",
  "serial": 3,
  "lineage": "5eea25fa-fded-d2de-afa5-3f7800067cd6",
  "outputs": {},
  "resources": [
    {
      "mode": "managed",
      "type": "aws_s3_bucket",
      "name": "las3",
      "provider": "provider.aws",
      "instances": [
        {
          "schema_version": 0,
          "attributes": {
            "acceleration_status": "",
            "acl": "private",
            "arn": "arn:aws:s3:::rahulsoni4386-34644",
            "bucket": "rahulsoni4386-34644",
            "bucket_domain_name": "rahulsoni4386-34644.s3.amazonaws.com",
            "bucket_prefix": null,
            "bucket_regional_domain_name": "rahulsoni4386-34644.s3.ap-south-1.amazonaws.com",
            "cors_rule": [],
            "force_destroy": true,
            "grant": [],
            "hosted_zone_id": "Z11RGJOFQNVJUP",
            "id": "rahulsoni4386-34644",
            "lifecycle_rule": [],
            "logging": [],
            "object_lock_configuration": [],
            "policy": null,
            "region": "ap-south-1",
            "replication_configuration": [],
            "request_payer": "BucketOwner",
            "server_side_encryption_configuration": [],
            "tags": null,
            "versioning": [
              {
                "enabled": false,
                "mfa_delete": false
              }
            ],
            "website": [],
            "website_domain": null,
            "website_endpoint": null
          },
          "private": "bnVsbA==",
          "dependencies": [
            "random_id.s3id"
          ]
        }
      ]
    },
    {
      "mode": "managed",
      "type": "random_id",
      "name": "s3id",
      "provider": "provider.random",
      "instances": [
        {
          "schema_version": 0,
          "attributes": {
            "b64": "h1Q",
            "b64_std": "h1Q=",
            "b64_url": "h1Q",
            "byte_length": 2,
            "dec": "34644",
            "hex": "8754",
            "id": "h1Q",
            "keepers": null,
            "prefix": null
          },
          "private": "bnVsbA=="
        }
      ]
    }
  ]
}
