{
  "version": 4,
  "terraform_version": "0.12.13",
  "serial": 5,
  "lineage": "4ef7afb7-a747-d54b-2142-adcac9c666de",
  "outputs": {},
  "resources": [
    {
      "mode": "managed",
      "type": "docker_container",
      "name": "container_id",
      "provider": "provider.docker",
      "instances": [
        {
          "status": "tainted",
          "schema_version": 1,
          "attributes": {
            "attach": false,
            "bridge": null,
            "capabilities": [],
            "command": null,
            "container_logs": null,
            "cpu_set": null,
            "cpu_shares": null,
            "destroy_grace_seconds": null,
            "devices": [],
            "dns": null,
            "dns_opts": null,
            "dns_search": null,
            "domainname": null,
            "entrypoint": null,
            "env": null,
            "exit_code": null,
            "gateway": null,
            "group_add": null,
            "healthcheck": [],
            "host": [],
            "hostname": null,
            "id": "7e5bd3d2dd59aabd0adbad3f41019e90d3b9cc8f26bd6607c347563813d5f851",
            "image": "ghost:alpine",
            "ip_address": null,
            "ip_prefix_length": null,
            "ipc_mode": null,
            "labels": null,
            "links": null,
            "log_driver": "json-file",
            "log_opts": null,
            "logs": false,
            "max_retry_count": null,
            "memory": null,
            "memory_swap": null,
            "mounts": [],
            "must_run": true,
            "name": "blog",
            "network_alias": null,
            "network_data": null,
            "network_mode": null,
            "networks": null,
            "networks_advanced": [],
            "pid_mode": null,
            "ports": [
              {
                "external": 80,
                "internal": 2368,
                "ip": "0.0.0.0",
                "protocol": "tcp"
              }
            ],
            "privileged": null,
            "publish_all_ports": null,
            "read_only": false,
            "restart": "no",
            "rm": false,
            "shm_size": null,
            "start": true,
            "sysctls": null,
            "tmpfs": null,
            "ulimit": [],
            "upload": [],
            "user": null,
            "userns_mode": null,
            "volumes": [],
            "working_dir": null
          },
          "private": "eyJzY2hlbWFfdmVyc2lvbiI6IjEifQ=="
        }
      ]
    }
  ]
}
