{
  "version": 4,
  "terraform_version": "0.12.21",
  "serial": 171,
  "lineage": "f5fb15b7-6339-562a-6214-4b052a1cc736",
  "outputs": {
    "marry-access-key": {
      "value": "AKIAVRPP7FFV5KMFIBUE",
      "type": "string"
    },
    "marry-secret-key": {
      "value": "eQDbxzb+Bl/eM3mW0SkMLuUimzRWJ9CobN+VX+FJ",
      "type": "string"
    },
    "sally-access-key": {
      "value": "AKIAVRPP7FFVZGGV2KP7",
      "type": "string"
    },
    "sally-secret-key": {
      "value": "8q5z2vuPlr6OrIB09ysuiz3afE4psbjdTuH9GO8r",
      "type": "string"
    }
  },
  "resources": [
    {
      "mode": "data",
      "type": "template_file",
      "name": "app",
      "provider": "provider.template",
      "instances": [
        {
          "schema_version": 0,
          "attributes": {
            "filename": null,
            "id": "90d5a46bcc15cca8f502e4627212d92e249b550b7c9bedd157e2c5d741d8cceb",
            "rendered": "{\n   \"Version\": \"2008-10-17\",\n   \"Statement\": [\n       {\n           \"Sid\": \"ReadOnly\",\n           \"Effect\": \"Allow\",\n           \"Principal\": {\n               \"AWS\": \"arn:aws:iam::381144738155:user/marry\"\n           },\n           \"Action\": [\n               \"s3:Get*\",\n               \"s3:List*\"\n           ],\n           \"Resource\": [\n               \"arn:aws:s3:::application-4386\",\n               \"arn:aws:s3:::application-4386/*\"\n           ]\n       },\n       {\n           \"Sid\": \"FullAccess\",\n           \"Effect\": \"Allow\",\n           \"Principal\": {\n               \"AWS\": \"arn:aws:iam::381144738155:user/sally\"\n           },\n           \"Action\": \"s3:*\",\n           \"Resource\": [\n               \"arn:aws:s3:::application-4386\",\n               \"arn:aws:s3:::application-4386/*\"\n           ]\n       }\n   ]\n}\n",
            "template": "{\n   \"Version\": \"2008-10-17\",\n   \"Statement\": [\n       {\n           \"Sid\": \"ReadOnly\",\n           \"Effect\": \"Allow\",\n           \"Principal\": {\n               \"AWS\": \"${read_access}\"\n           },\n           \"Action\": [\n               \"s3:Get*\",\n               \"s3:List*\"\n           ],\n           \"Resource\": [\n               \"arn:aws:s3:::${s3_bucket}\",\n               \"arn:aws:s3:::${s3_bucket}/*\"\n           ]\n       },\n       {\n           \"Sid\": \"FullAccess\",\n           \"Effect\": \"Allow\",\n           \"Principal\": {\n               \"AWS\": \"${full_access}\"\n           },\n           \"Action\": \"s3:*\",\n           \"Resource\": [\n               \"arn:aws:s3:::${s3_bucket}\",\n               \"arn:aws:s3:::${s3_bucket}/*\"\n           ]\n       }\n   ]\n}\n",
            "vars": {
              "full_access": "arn:aws:iam::381144738155:user/sally",
              "read_access": "arn:aws:iam::381144738155:user/marry",
              "s3_bucket": "application-4386"
            }
          }
        }
      ]
    },
    {
      "mode": "data",
      "type": "template_file",
      "name": "net",
      "provider": "provider.template",
      "instances": [
        {
          "schema_version": 0,
          "attributes": {
            "filename": null,
            "id": "a16ca060986971de0fe97d1c577bc382bc98628d287c1eebd4f737bb1b1ce224",
            "rendered": "{\n   \"Version\": \"2008-10-17\",\n   \"Statement\": [\n       {\n           \"Sid\": \"ReadOnly\",\n           \"Effect\": \"Allow\",\n           \"Principal\": {\n               \"AWS\": \"arn:aws:iam::381144738155:user/sally\"\n           },\n           \"Action\": [\n               \"s3:Get*\",\n               \"s3:List*\"\n           ],\n           \"Resource\": [\n               \"arn:aws:s3:::networking-4386\",\n               \"arn:aws:s3:::networking-4386/*\"\n           ]\n       },\n       {\n           \"Sid\": \"FullAccess\",\n           \"Effect\": \"Allow\",\n           \"Principal\": {\n               \"AWS\": \"arn:aws:iam::381144738155:user/marry\"\n           },\n           \"Action\": \"s3:*\",\n           \"Resource\": [\n               \"arn:aws:s3:::networking-4386\",\n               \"arn:aws:s3:::networking-4386/*\"\n           ]\n       }\n   ]\n}\n",
            "template": "{\n   \"Version\": \"2008-10-17\",\n   \"Statement\": [\n       {\n           \"Sid\": \"ReadOnly\",\n           \"Effect\": \"Allow\",\n           \"Principal\": {\n               \"AWS\": \"${read_access}\"\n           },\n           \"Action\": [\n               \"s3:Get*\",\n               \"s3:List*\"\n           ],\n           \"Resource\": [\n               \"arn:aws:s3:::${s3_bucket}\",\n               \"arn:aws:s3:::${s3_bucket}/*\"\n           ]\n       },\n       {\n           \"Sid\": \"FullAccess\",\n           \"Effect\": \"Allow\",\n           \"Principal\": {\n               \"AWS\": \"${full_access}\"\n           },\n           \"Action\": \"s3:*\",\n           \"Resource\": [\n               \"arn:aws:s3:::${s3_bucket}\",\n               \"arn:aws:s3:::${s3_bucket}/*\"\n           ]\n       }\n   ]\n}\n",
            "vars": {
              "full_access": "arn:aws:iam::381144738155:user/marry",
              "read_access": "arn:aws:iam::381144738155:user/sally",
              "s3_bucket": "networking-4386"
            }
          }
        }
      ]
    },
    {
      "mode": "data",
      "type": "template_file",
      "name": "user",
      "provider": "provider.template",
      "instances": [
        {
          "schema_version": 0,
          "attributes": {
            "filename": null,
            "id": "1a4e0c1652e2bb1725f0e3010370417ec5cf60ce866dfa0858fb40e3b1168515",
            "rendered": "{\n      \"Version\": \"2012-10-17\",\n      \"Statement\": [\n          {\n              \"Effect\": \"Allow\",\n              \"Action\": [\"dynamodb:*\"],\n              \"Resource\": [\n                  \"arn:aws:dynamodb:ap-south-1:381144738155:table/dynamotable\"\n              ]\n          }\n     ]\n}\n",
            "template": "{\n      \"Version\": \"2012-10-17\",\n      \"Statement\": [\n          {\n              \"Effect\": \"Allow\",\n              \"Action\": [\"dynamodb:*\"],\n              \"Resource\": [\n                  \"${dynamodb}\"\n              ]\n          }\n     ]\n}\n",
            "vars": {
              "dynamodb": "arn:aws:dynamodb:ap-south-1:381144738155:table/dynamotable"
            }
          }
        }
      ]
    },
    {
      "mode": "managed",
      "type": "aws_dynamodb_table",
      "name": "terraform_statelock",
      "provider": "provider.aws",
      "instances": [
        {
          "schema_version": 1,
          "attributes": {
            "arn": "arn:aws:dynamodb:ap-south-1:381144738155:table/dynamotable",
            "attribute": [
              {
                "name": "LockID",
                "type": "S"
              }
            ],
            "billing_mode": "PROVISIONED",
            "global_secondary_index": [],
            "hash_key": "LockID",
            "id": "dynamotable",
            "local_secondary_index": [],
            "name": "dynamotable",
            "point_in_time_recovery": [
              {
                "enabled": false
              }
            ],
            "range_key": null,
            "read_capacity": 20,
            "server_side_encryption": [],
            "stream_arn": "",
            "stream_enabled": false,
            "stream_label": "",
            "stream_view_type": "",
            "tags": null,
            "timeouts": null,
            "ttl": [
              {
                "attribute_name": "",
                "enabled": false
              }
            ],
            "write_capacity": 20
          },
          "private": "eyJlMmJmYjczMC1lY2FhLTExZTYtOGY4OC0zNDM2M2JjN2M0YzAiOnsiY3JlYXRlIjo2MDAwMDAwMDAwMDAsImRlbGV0ZSI6NjAwMDAwMDAwMDAwLCJ1cGRhdGUiOjM2MDAwMDAwMDAwMDB9LCJzY2hlbWFfdmVyc2lvbiI6IjEifQ=="
        }
      ]
    },
    {
      "mode": "managed",
      "type": "aws_iam_access_key",
      "name": "marrykey",
      "provider": "provider.aws",
      "instances": [
        {
          "schema_version": 0,
          "attributes": {
            "encrypted_secret": null,
            "id": "AKIAVRPP7FFV5KMFIBUE",
            "key_fingerprint": null,
            "pgp_key": null,
            "secret": "eQDbxzb+Bl/eM3mW0SkMLuUimzRWJ9CobN+VX+FJ",
            "ses_smtp_password": "Am9lFmJAqffbppw4uK/r15deTvMkV2PKsNAQA1DISJsS",
            "ses_smtp_password_v4": "BI5tJWvP5D2GZpfA9GNo3jRjZhWyYZOPyjwpGpBMwGOb",
            "status": "Active",
            "user": "marry"
          },
          "private": "bnVsbA==",
          "dependencies": [
            "aws_iam_user.marry"
          ]
        }
      ]
    },
    {
      "mode": "managed",
      "type": "aws_iam_access_key",
      "name": "sallykey",
      "provider": "provider.aws",
      "instances": [
        {
          "schema_version": 0,
          "attributes": {
            "encrypted_secret": null,
            "id": "AKIAVRPP7FFVZGGV2KP7",
            "key_fingerprint": null,
            "pgp_key": null,
            "secret": "8q5z2vuPlr6OrIB09ysuiz3afE4psbjdTuH9GO8r",
            "ses_smtp_password": "AiGwPWY6ZljOYtJt62Y1nBE/Jdhi3SuIpsCaIjJfGbxV",
            "ses_smtp_password_v4": "BB3xSeBqAqR+NzaCdeU8MJIYX+dXXbYmFstZL6JZEzO/",
            "status": "Active",
            "user": "sally"
          },
          "private": "bnVsbA==",
          "dependencies": [
            "aws_iam_user.sally"
          ]
        }
      ]
    },
    {
      "mode": "managed",
      "type": "aws_iam_group",
      "name": "ec2admin",
      "provider": "provider.aws",
      "instances": [
        {
          "schema_version": 0,
          "attributes": {
            "arn": "arn:aws:iam::381144738155:group/ec2-admin",
            "id": "ec2-admin",
            "name": "ec2-admin",
            "path": "/",
            "unique_id": "AGPAVRPP7FFVTZVGPNJCY"
          },
          "private": "bnVsbA=="
        }
      ]
    },
    {
      "mode": "managed",
      "type": "aws_iam_group",
      "name": "rdsadmin",
      "provider": "provider.aws",
      "instances": [
        {
          "schema_version": 0,
          "attributes": {
            "arn": "arn:aws:iam::381144738155:group/RDSAdmin",
            "id": "RDSAdmin",
            "name": "RDSAdmin",
            "path": "/",
            "unique_id": "AGPAVRPP7FFV4CAZRE5XL"
          },
          "private": "bnVsbA=="
        }
      ]
    },
    {
      "mode": "managed",
      "type": "aws_iam_group_membership",
      "name": "add-rdsadmin",
      "provider": "provider.aws",
      "instances": [
        {
          "schema_version": 0,
          "attributes": {
            "group": "RDSAdmin",
            "id": "add-rdsamdin",
            "name": "add-rdsamdin",
            "users": [
              "sally"
            ]
          },
          "private": "bnVsbA==",
          "dependencies": [
            "aws_iam_group.rdsadmin",
            "aws_iam_user.sally"
          ]
        }
      ]
    },
    {
      "mode": "managed",
      "type": "aws_iam_group_membership",
      "name": "ec2groupadmin",
      "provider": "provider.aws",
      "instances": [
        {
          "schema_version": 0,
          "attributes": {
            "group": "ec2-admin",
            "id": "ec2group",
            "name": "ec2group",
            "users": [
              "marry",
              "sally"
            ]
          },
          "private": "bnVsbA==",
          "dependencies": [
            "aws_iam_group.ec2admin",
            "aws_iam_user.marry",
            "aws_iam_user.sally"
          ]
        }
      ]
    },
    {
      "mode": "managed",
      "type": "aws_iam_policy_attachment",
      "name": "ec2attach",
      "provider": "provider.aws",
      "instances": [
        {
          "schema_version": 0,
          "attributes": {
            "groups": [
              "ec2-admin"
            ],
            "id": "ec2attach-policy",
            "name": "ec2attach-policy",
            "policy_arn": "arn:aws:iam::aws:policy/AmazonEC2FullAccess",
            "roles": null,
            "users": null
          },
          "private": "bnVsbA==",
          "dependencies": [
            "aws_iam_group.ec2admin"
          ]
        }
      ]
    },
    {
      "mode": "managed",
      "type": "aws_iam_policy_attachment",
      "name": "rdsattach",
      "provider": "provider.aws",
      "instances": [
        {
          "schema_version": 0,
          "attributes": {
            "groups": [
              "RDSAdmin"
            ],
            "id": "rdsattach-policy",
            "name": "rdsattach-policy",
            "policy_arn": "arn:aws:iam::aws:policy/AmazonRDSFullAccess",
            "roles": null,
            "users": null
          },
          "private": "bnVsbA==",
          "dependencies": [
            "aws_iam_group.rdsadmin"
          ]
        }
      ]
    },
    {
      "mode": "managed",
      "type": "aws_iam_user",
      "name": "marry",
      "provider": "provider.aws",
      "instances": [
        {
          "schema_version": 0,
          "attributes": {
            "arn": "arn:aws:iam::381144738155:user/marry",
            "force_destroy": false,
            "id": "marry",
            "name": "marry",
            "path": "/",
            "permissions_boundary": null,
            "tags": null,
            "unique_id": "AIDAVRPP7FFVVFZPP73A4"
          },
          "private": "bnVsbA=="
        }
      ]
    },
    {
      "mode": "managed",
      "type": "aws_iam_user",
      "name": "sally",
      "provider": "provider.aws",
      "instances": [
        {
          "schema_version": 0,
          "attributes": {
            "arn": "arn:aws:iam::381144738155:user/sally",
            "force_destroy": false,
            "id": "sally",
            "name": "sally",
            "path": "/",
            "permissions_boundary": null,
            "tags": null,
            "unique_id": "AIDAVRPP7FFV2B4KDXVLN"
          },
          "private": "bnVsbA=="
        }
      ]
    },
    {
      "mode": "managed",
      "type": "aws_iam_user_policy",
      "name": "marry",
      "provider": "provider.aws",
      "instances": [
        {
          "schema_version": 0,
          "attributes": {
            "id": "marry:marry_policy",
            "name": "marry_policy",
            "name_prefix": null,
            "policy": "{\n      \"Version\": \"2012-10-17\",\n      \"Statement\": [\n          {\n              \"Effect\": \"Allow\",\n              \"Action\": [\"dynamodb:*\"],\n              \"Resource\": [\n                  \"arn:aws:dynamodb:ap-south-1:381144738155:table/dynamotable\"\n              ]\n          }\n     ]\n}\n",
            "user": "marry"
          },
          "private": "bnVsbA==",
          "dependencies": [
            "aws_dynamodb_table.terraform_statelock",
            "aws_iam_user.marry"
          ]
        }
      ]
    },
    {
      "mode": "managed",
      "type": "aws_iam_user_policy",
      "name": "sally",
      "provider": "provider.aws",
      "instances": [
        {
          "schema_version": 0,
          "attributes": {
            "id": "marry:sally_policy",
            "name": "sally_policy",
            "name_prefix": null,
            "policy": "{\n      \"Version\": \"2012-10-17\",\n      \"Statement\": [\n          {\n              \"Effect\": \"Allow\",\n              \"Action\": [\"dynamodb:*\"],\n              \"Resource\": [\n                  \"arn:aws:dynamodb:ap-south-1:381144738155:table/dynamotable\"\n              ]\n          }\n     ]\n}\n",
            "user": "marry"
          },
          "private": "bnVsbA==",
          "dependencies": [
            "aws_dynamodb_table.terraform_statelock",
            "aws_iam_user.marry"
          ]
        }
      ]
    },
    {
      "mode": "managed",
      "type": "aws_s3_bucket",
      "name": "application",
      "provider": "provider.aws",
      "instances": [
        {
          "schema_version": 0,
          "attributes": {
            "acceleration_status": "",
            "acl": "private",
            "arn": "arn:aws:s3:::application-4386",
            "bucket": "application-4386",
            "bucket_domain_name": "application-4386.s3.amazonaws.com",
            "bucket_prefix": null,
            "bucket_regional_domain_name": "application-4386.s3.ap-south-1.amazonaws.com",
            "cors_rule": [],
            "force_destroy": true,
            "grant": [],
            "hosted_zone_id": "Z11RGJOFQNVJUP",
            "id": "application-4386",
            "lifecycle_rule": [],
            "logging": [],
            "object_lock_configuration": [],
            "policy": "{\"Statement\":[{\"Action\":[\"s3:Get*\",\"s3:List*\"],\"Effect\":\"Allow\",\"Principal\":{\"AWS\":\"arn:aws:iam::381144738155:user/marry\"},\"Resource\":[\"arn:aws:s3:::application-4386\",\"arn:aws:s3:::application-4386/*\"],\"Sid\":\"ReadOnly\"},{\"Action\":\"s3:*\",\"Effect\":\"Allow\",\"Principal\":{\"AWS\":\"arn:aws:iam::381144738155:user/sally\"},\"Resource\":[\"arn:aws:s3:::application-4386\",\"arn:aws:s3:::application-4386/*\"],\"Sid\":\"FullAccess\"}],\"Version\":\"2008-10-17\"}",
            "region": "ap-south-1",
            "replication_configuration": [],
            "request_payer": "BucketOwner",
            "server_side_encryption_configuration": [],
            "tags": null,
            "versioning": [
              {
                "enabled": false,
                "mfa_delete": false
              }
            ],
            "website": [],
            "website_domain": null,
            "website_endpoint": null
          },
          "private": "bnVsbA==",
          "dependencies": [
            "aws_iam_user.marry",
            "aws_iam_user.sally"
          ]
        }
      ]
    },
    {
      "mode": "managed",
      "type": "aws_s3_bucket",
      "name": "networking",
      "provider": "provider.aws",
      "instances": [
        {
          "schema_version": 0,
          "attributes": {
            "acceleration_status": "",
            "acl": "private",
            "arn": "arn:aws:s3:::networking-4386",
            "bucket": "networking-4386",
            "bucket_domain_name": "networking-4386.s3.amazonaws.com",
            "bucket_prefix": null,
            "bucket_regional_domain_name": "networking-4386.s3.ap-south-1.amazonaws.com",
            "cors_rule": [],
            "force_destroy": true,
            "grant": [],
            "hosted_zone_id": "Z11RGJOFQNVJUP",
            "id": "networking-4386",
            "lifecycle_rule": [],
            "logging": [],
            "object_lock_configuration": [],
            "policy": "{\"Statement\":[{\"Action\":[\"s3:Get*\",\"s3:List*\"],\"Effect\":\"Allow\",\"Principal\":{\"AWS\":\"arn:aws:iam::381144738155:user/sally\"},\"Resource\":[\"arn:aws:s3:::networking-4386\",\"arn:aws:s3:::networking-4386/*\"],\"Sid\":\"ReadOnly\"},{\"Action\":\"s3:*\",\"Effect\":\"Allow\",\"Principal\":{\"AWS\":\"arn:aws:iam::381144738155:user/marry\"},\"Resource\":[\"arn:aws:s3:::networking-4386\",\"arn:aws:s3:::networking-4386/*\"],\"Sid\":\"FullAccess\"}],\"Version\":\"2008-10-17\"}",
            "region": "ap-south-1",
            "replication_configuration": [],
            "request_payer": "BucketOwner",
            "server_side_encryption_configuration": [],
            "tags": null,
            "versioning": [
              {
                "enabled": false,
                "mfa_delete": false
              }
            ],
            "website": [],
            "website_domain": null,
            "website_endpoint": null
          },
          "private": "bnVsbA==",
          "dependencies": [
            "aws_iam_user.marry",
            "aws_iam_user.sally"
          ]
        }
      ]
    },
    {
      "mode": "managed",
      "type": "local_file",
      "name": "aws_keys",
      "provider": "provider.local",
      "instances": [
        {
          "schema_version": 0,
          "attributes": {
            "content": "[sallysue]\naws_access_key_id = ${aws_iam_access_key.sallykey.id}\naws_secret_access_key = ${aws_iam_access_key.sallykey.secret}\n[marymoe]\naws_access_key_id = ${aws_iam_access_key.marrykey.id}\naws_secret_access_key = ${aws_iam_access_key.marrykey.secret}\n",
            "content_base64": null,
            "directory_permission": "0777",
            "file_permission": "0777",
            "filename": "~/.aws/credentials",
            "id": "25584b033a94625d1fae076e3e0188147081233e",
            "sensitive_content": null
          },
          "private": "bnVsbA=="
        }
      ]
    }
  ]
}
