{
  "version": 4,
  "terraform_version": "0.12.21",
  "serial": 52,
  "lineage": "e7ff0a9f-3feb-3d51-c697-4dded4c39b6a",
  "outputs": {
    "bucket-name": {
      "value": "rahul-50196",
      "type": "string"
    }
  },
  "resources": [
    {
      "mode": "managed",
      "type": "aws_instance",
      "name": "app-instance",
      "each": "list",
      "provider": "provider.aws",
      "instances": []
    },
    {
      "mode": "managed",
      "type": "aws_s3_bucket",
      "name": "jenkins-bucket",
      "provider": "provider.aws",
      "instances": [
        {
          "schema_version": 0,
          "attributes": {
            "acceleration_status": "",
            "acl": "private",
            "arn": "arn:aws:s3:::rahul-50196",
            "bucket": "rahul-50196",
            "bucket_domain_name": "rahul-50196.s3.amazonaws.com",
            "bucket_prefix": null,
            "bucket_regional_domain_name": "rahul-50196.s3.ap-south-1.amazonaws.com",
            "cors_rule": [],
            "force_destroy": false,
            "grant": [],
            "hosted_zone_id": "Z11RGJOFQNVJUP",
            "id": "rahul-50196",
            "lifecycle_rule": [],
            "logging": [],
            "object_lock_configuration": [],
            "policy": null,
            "region": "ap-south-1",
            "replication_configuration": [],
            "request_payer": "BucketOwner",
            "server_side_encryption_configuration": [],
            "tags": {},
            "versioning": [
              {
                "enabled": false,
                "mfa_delete": false
              }
            ],
            "website": [],
            "website_domain": null,
            "website_endpoint": null
          }
        }
      ]
    },
    {
      "mode": "managed",
      "type": "random_id",
      "name": "s3id",
      "provider": "provider.random",
      "instances": [
        {
          "schema_version": 0,
          "attributes": {
            "b64": "xBQ",
            "b64_std": "xBQ=",
            "b64_url": "xBQ",
            "byte_length": 2,
            "dec": "50196",
            "hex": "c414",
            "id": "xBQ",
            "keepers": null,
            "prefix": null
          },
          "private": "bnVsbA=="
        }
      ]
    }
  ]
}
