{
  "version": 4,
  "terraform_version": "0.12.21",
  "serial": 2699,
  "lineage": "53f7fe5b-e9af-7038-4453-890938ede23b",
  "outputs": {
    "Instance_ID": {
      "value": "i-0dae178bc1232acef, i-0fdbf40f4c1b573d2",
      "type": "string"
    },
    "Project_Name": {
      "value": "la-terraform-4386",
      "type": "string"
    },
    "Public_Ip": {
      "value": "13.232.118.51, 13.127.210.167",
      "type": "string"
    }
  },
  "resources": [
    {
      "mode": "data",
      "type": "aws_ami",
      "name": "server_ami",
      "provider": "provider.aws",
      "instances": [
        {
          "schema_version": 0,
          "attributes": {
            "architecture": "x86_64",
            "block_device_mappings": [
              {
                "device_name": "/dev/sda1",
                "ebs": {
                  "delete_on_termination": "true",
                  "encrypted": "false",
                  "iops": "0",
                  "snapshot_id": "snap-0f501e162bf0052f4",
                  "volume_size": "8",
                  "volume_type": "gp2"
                },
                "no_device": "",
                "virtual_name": ""
              },
              {
                "device_name": "/dev/sdb",
                "ebs": {},
                "no_device": "",
                "virtual_name": "ephemeral0"
              },
              {
                "device_name": "/dev/sdc",
                "ebs": {},
                "no_device": "",
                "virtual_name": "ephemeral1"
              }
            ],
            "creation_date": "2020-03-17T21:05:57.000Z",
            "description": "Canonical, Ubuntu, 18.04 LTS, amd64 bionic image build on 2020-03-17",
            "executable_users": null,
            "filter": [
              {
                "name": "name",
                "values": [
                  "ubuntu/images/hvm-ssd/ubuntu-*18.04-amd64-server-*"
                ]
              },
              {
                "name": "virtualization-type",
                "values": [
                  "hvm"
                ]
              }
            ],
            "hypervisor": "xen",
            "id": "ami-029401c523b31769e",
            "image_id": "ami-029401c523b31769e",
            "image_location": "099720109477/ubuntu/images/hvm-ssd/ubuntu-bionic-18.04-amd64-server-20200317",
            "image_owner_alias": null,
            "image_type": "machine",
            "kernel_id": null,
            "most_recent": true,
            "name": "ubuntu/images/hvm-ssd/ubuntu-bionic-18.04-amd64-server-20200317",
            "name_regex": null,
            "owner_id": "099720109477",
            "owners": [
              "099720109477"
            ],
            "platform": null,
            "product_codes": [],
            "public": true,
            "ramdisk_id": null,
            "root_device_name": "/dev/sda1",
            "root_device_type": "ebs",
            "root_snapshot_id": "snap-0f501e162bf0052f4",
            "sriov_net_support": "simple",
            "state": "available",
            "state_reason": {
              "code": "UNSET",
              "message": "UNSET"
            },
            "tags": {},
            "virtualization_type": "hvm"
          }
        }
      ]
    },
    {
      "mode": "data",
      "type": "aws_availability_zones",
      "name": "available",
      "provider": "provider.aws",
      "instances": [
        {
          "schema_version": 0,
          "attributes": {
            "blacklisted_names": null,
            "blacklisted_zone_ids": null,
            "id": "2020-03-21 08:10:50.595955282 +0000 UTC",
            "names": [
              "ap-south-1a",
              "ap-south-1b",
              "ap-south-1c"
            ],
            "state": null,
            "zone_ids": [
              "aps1-az1",
              "aps1-az3",
              "aps1-az2"
            ]
          }
        }
      ]
    },
    {
      "mode": "data",
      "type": "template_file",
      "name": "appinit",
      "each": "list",
      "provider": "provider.template",
      "instances": [
        {
          "index_key": 0,
          "schema_version": 0,
          "attributes": {
            "filename": null,
            "id": "340c8a3db0ae46ae61a8beec3dca8765284c485f1efd54b94f28305e8f253668",
            "rendered": "#!/bin/bash\nsudo apt-get update\nsudo apt-get install -y apache2\necho \"This is SoniBoy! Learning Terraform from \"192.168.0.0/23 \u003e /var/www/html/index.html\nsudo systemctl start apache2\nsudo systemctl enable apache2\n",
            "template": "#!/bin/bash\nsudo apt-get update\nsudo apt-get install -y apache2\necho \"This is SoniBoy! Learning Terraform from \"${firewall_subnets} \u003e /var/www/html/index.html\nsudo systemctl start apache2\nsudo systemctl enable apache2\n",
            "vars": {
              "firewall_subnets": "192.168.0.0/23"
            }
          }
        },
        {
          "index_key": 1,
          "schema_version": 0,
          "attributes": {
            "filename": null,
            "id": "49e070a31366b3040f40d78e06ee2e0d2940131ffacf18f3c44c9a1a96c1d5e0",
            "rendered": "#!/bin/bash\nsudo apt-get update\nsudo apt-get install -y apache2\necho \"This is SoniBoy! Learning Terraform from \"192.168.2.0/23 \u003e /var/www/html/index.html\nsudo systemctl start apache2\nsudo systemctl enable apache2\n",
            "template": "#!/bin/bash\nsudo apt-get update\nsudo apt-get install -y apache2\necho \"This is SoniBoy! Learning Terraform from \"${firewall_subnets} \u003e /var/www/html/index.html\nsudo systemctl start apache2\nsudo systemctl enable apache2\n",
            "vars": {
              "firewall_subnets": "192.168.2.0/23"
            }
          }
        }
      ]
    },
    {
      "mode": "data",
      "type": "template_file",
      "name": "user_data",
      "provider": "provider.template",
      "instances": [
        {
          "schema_version": 0,
          "attributes": {
            "filename": null,
            "id": "91046b612d7d60c5727a013c9b6ba24a8eddad8c91c04b79a9f63216f71451e4",
            "rendered": "#!/bin/bash\nsudo apt-get update\nsudo apt-get install -y apache2\necho \"This is SoniBoy! Learning Terraform from \"TargetGroup \u003e /var/www/html/index.html\nsudo systemctl start apache2\nsudo systemctl enable apache2\n",
            "template": "#!/bin/bash\nsudo apt-get update\nsudo apt-get install -y apache2\necho \"This is SoniBoy! Learning Terraform from \"${az} \u003e /var/www/html/index.html\nsudo systemctl start apache2\nsudo systemctl enable apache2\n",
            "vars": {
              "az": "TargetGroup"
            }
          }
        }
      ]
    },
    {
      "mode": "managed",
      "type": "aws_alb_listener",
      "name": "lb-listener",
      "provider": "provider.aws",
      "instances": [
        {
          "schema_version": 0,
          "attributes": {
            "arn": "arn:aws:elasticloadbalancing:ap-south-1:381144738155:listener/app/Application-LB/56794b1a8c86e230/fea1f3cd48308f39",
            "certificate_arn": null,
            "default_action": [
              {
                "authenticate_cognito": [],
                "authenticate_oidc": [],
                "fixed_response": [],
                "order": 1,
                "redirect": [],
                "target_group_arn": "arn:aws:elasticloadbalancing:ap-south-1:381144738155:targetgroup/TargetGroup/d6b32509a03aff68",
                "type": "forward"
              }
            ],
            "id": "arn:aws:elasticloadbalancing:ap-south-1:381144738155:listener/app/Application-LB/56794b1a8c86e230/fea1f3cd48308f39",
            "load_balancer_arn": "arn:aws:elasticloadbalancing:ap-south-1:381144738155:loadbalancer/app/Application-LB/56794b1a8c86e230",
            "port": 80,
            "protocol": "HTTP",
            "ssl_policy": "",
            "timeouts": null
          },
          "private": "eyJlMmJmYjczMC1lY2FhLTExZTYtOGY4OC0zNDM2M2JjN2M0YzAiOnsicmVhZCI6NjAwMDAwMDAwMDAwfX0=",
          "dependencies": [
            "aws_alb_target_group.target-group",
            "aws_lb.app-lb",
            "aws_security_group.lb_sg",
            "aws_subnet.dmz_subnet",
            "aws_vpc.prodvpc"
          ]
        }
      ]
    },
    {
      "mode": "managed",
      "type": "aws_alb_target_group",
      "name": "target-group",
      "provider": "provider.aws",
      "instances": [
        {
          "schema_version": 0,
          "attributes": {
            "arn": "arn:aws:elasticloadbalancing:ap-south-1:381144738155:targetgroup/TargetGroup/d6b32509a03aff68",
            "arn_suffix": "targetgroup/TargetGroup/d6b32509a03aff68",
            "deregistration_delay": 300,
            "health_check": [
              {
                "enabled": true,
                "healthy_threshold": 2,
                "interval": 15,
                "matcher": "200",
                "path": "/",
                "port": "traffic-port",
                "protocol": "HTTP",
                "timeout": 14,
                "unhealthy_threshold": 5
              }
            ],
            "id": "arn:aws:elasticloadbalancing:ap-south-1:381144738155:targetgroup/TargetGroup/d6b32509a03aff68",
            "lambda_multi_value_headers_enabled": false,
            "load_balancing_algorithm_type": "round_robin",
            "name": "TargetGroup",
            "name_prefix": null,
            "port": 80,
            "protocol": "HTTP",
            "proxy_protocol_v2": false,
            "slow_start": 0,
            "stickiness": [
              {
                "cookie_duration": 86400,
                "enabled": false,
                "type": "lb_cookie"
              }
            ],
            "tags": null,
            "target_type": "instance",
            "vpc_id": "vpc-07ae66eb6bbfb7fa0"
          },
          "private": "bnVsbA==",
          "dependencies": [
            "aws_vpc.prodvpc"
          ]
        }
      ]
    },
    {
      "mode": "managed",
      "type": "aws_alb_target_group_attachment",
      "name": "register-targets",
      "each": "list",
      "provider": "provider.aws",
      "instances": [
        {
          "index_key": 0,
          "schema_version": 0,
          "attributes": {
            "availability_zone": null,
            "id": "arn:aws:elasticloadbalancing:ap-south-1:381144738155:targetgroup/TargetGroup/d6b32509a03aff68-20200321081236801900000004",
            "port": 80,
            "target_group_arn": "arn:aws:elasticloadbalancing:ap-south-1:381144738155:targetgroup/TargetGroup/d6b32509a03aff68",
            "target_id": "i-0dae178bc1232acef"
          },
          "private": "bnVsbA==",
          "dependencies": [
            "aws_alb_target_group.target-group",
            "aws_instance.server",
            "aws_key_pair.auth",
            "aws_security_group.prodsg",
            "aws_subnet.dmz_subnet",
            "aws_subnet.public_subnet",
            "aws_vpc.prodvpc"
          ]
        },
        {
          "index_key": 1,
          "schema_version": 0,
          "attributes": {
            "availability_zone": null,
            "id": "arn:aws:elasticloadbalancing:ap-south-1:381144738155:targetgroup/TargetGroup/d6b32509a03aff68-20200321081236783700000003",
            "port": 80,
            "target_group_arn": "arn:aws:elasticloadbalancing:ap-south-1:381144738155:targetgroup/TargetGroup/d6b32509a03aff68",
            "target_id": "i-0fdbf40f4c1b573d2"
          },
          "private": "bnVsbA==",
          "dependencies": [
            "aws_alb_target_group.target-group",
            "aws_instance.server",
            "aws_key_pair.auth",
            "aws_security_group.prodsg",
            "aws_subnet.dmz_subnet",
            "aws_subnet.public_subnet",
            "aws_vpc.prodvpc"
          ]
        }
      ]
    },
    {
      "mode": "managed",
      "type": "aws_autoscaling_group",
      "name": "autoscale",
      "provider": "provider.aws",
      "instances": [
        {
          "schema_version": 0,
          "attributes": {
            "arn": "arn:aws:autoscaling:ap-south-1:381144738155:autoScalingGroup:b1f562c4-0db8-4e20-b4a9-fdd1cc707fe7:autoScalingGroupName/tf-asg-20200321081205547600000002",
            "availability_zones": [
              "ap-south-1a",
              "ap-south-1b"
            ],
            "default_cooldown": 300,
            "desired_capacity": 2,
            "enabled_metrics": null,
            "force_delete": false,
            "health_check_grace_period": 300,
            "health_check_type": "ELB",
            "id": "tf-asg-20200321081205547600000002",
            "initial_lifecycle_hook": [],
            "launch_configuration": "terraform-20200321081204634300000001",
            "launch_template": [],
            "load_balancers": [],
            "max_instance_lifetime": 0,
            "max_size": 4,
            "metrics_granularity": "1Minute",
            "min_elb_capacity": null,
            "min_size": 2,
            "mixed_instances_policy": [],
            "name": "tf-asg-20200321081205547600000002",
            "name_prefix": null,
            "placement_group": "",
            "protect_from_scale_in": false,
            "service_linked_role_arn": "arn:aws:iam::381144738155:role/aws-service-role/autoscaling.amazonaws.com/AWSServiceRoleForAutoScaling",
            "suspended_processes": null,
            "tag": [
              {
                "key": "Name",
                "propagate_at_launch": true,
                "value": "AutoScaling"
              }
            ],
            "tags": null,
            "target_group_arns": [
              "arn:aws:elasticloadbalancing:ap-south-1:381144738155:targetgroup/TargetGroup/d6b32509a03aff68"
            ],
            "termination_policies": [
              "OldestInstance"
            ],
            "timeouts": null,
            "vpc_zone_identifier": [
              "subnet-08299d614ae07ab81",
              "subnet-091a78ba1b5fb1867"
            ],
            "wait_for_capacity_timeout": "10m",
            "wait_for_elb_capacity": null
          },
          "private": "eyJlMmJmYjczMC1lY2FhLTExZTYtOGY4OC0zNDM2M2JjN2M0YzAiOnsiZGVsZXRlIjo2MDAwMDAwMDAwMDB9fQ==",
          "dependencies": [
            "aws_alb_target_group.target-group",
            "aws_key_pair.auth",
            "aws_launch_configuration.launch-conf",
            "aws_security_group.prodsg",
            "aws_subnet.public_subnet",
            "aws_vpc.prodvpc"
          ]
        }
      ]
    },
    {
      "mode": "managed",
      "type": "aws_autoscaling_notification",
      "name": "down_notifications",
      "provider": "provider.aws",
      "instances": [
        {
          "schema_version": 0,
          "attributes": {
            "group_names": [
              "tf-asg-20200321081205547600000002"
            ],
            "id": "arn:aws:sns:ap-south-1:381144738155:scaledown_alarm",
            "notifications": [
              "autoscaling:EC2_INSTANCE_LAUNCH",
              "autoscaling:EC2_INSTANCE_LAUNCH_ERROR",
              "autoscaling:EC2_INSTANCE_TERMINATE",
              "autoscaling:EC2_INSTANCE_TERMINATE_ERROR",
              "autoscaling:TEST_NOTIFICATION"
            ],
            "topic_arn": "arn:aws:sns:ap-south-1:381144738155:scaledown_alarm"
          },
          "private": "bnVsbA==",
          "dependencies": [
            "aws_alb_target_group.target-group",
            "aws_autoscaling_group.autoscale",
            "aws_key_pair.auth",
            "aws_launch_configuration.launch-conf",
            "aws_security_group.prodsg",
            "aws_sns_topic.scaledown_alarm",
            "aws_subnet.public_subnet",
            "aws_vpc.prodvpc"
          ]
        }
      ]
    },
    {
      "mode": "managed",
      "type": "aws_autoscaling_notification",
      "name": "up_notifications",
      "provider": "provider.aws",
      "instances": [
        {
          "schema_version": 0,
          "attributes": {
            "group_names": [
              "tf-asg-20200321081205547600000002"
            ],
            "id": "arn:aws:sns:ap-south-1:381144738155:scaleup_alarm",
            "notifications": [
              "autoscaling:EC2_INSTANCE_LAUNCH",
              "autoscaling:EC2_INSTANCE_LAUNCH_ERROR",
              "autoscaling:EC2_INSTANCE_TERMINATE",
              "autoscaling:EC2_INSTANCE_TERMINATE_ERROR",
              "autoscaling:TEST_NOTIFICATION"
            ],
            "topic_arn": "arn:aws:sns:ap-south-1:381144738155:scaleup_alarm"
          },
          "private": "bnVsbA==",
          "dependencies": [
            "aws_alb_target_group.target-group",
            "aws_autoscaling_group.autoscale",
            "aws_key_pair.auth",
            "aws_launch_configuration.launch-conf",
            "aws_security_group.prodsg",
            "aws_sns_topic.scaleup_alarm",
            "aws_subnet.public_subnet",
            "aws_vpc.prodvpc"
          ]
        }
      ]
    },
    {
      "mode": "managed",
      "type": "aws_autoscaling_policy",
      "name": "down-policy",
      "provider": "provider.aws",
      "instances": [
        {
          "schema_version": 0,
          "attributes": {
            "adjustment_type": "ChangeInCapacity",
            "arn": "arn:aws:autoscaling:ap-south-1:381144738155:scalingPolicy:c07382ab-8f8f-4b62-a78a-167ec42b894d:autoScalingGroupName/tf-asg-20200321081205547600000002:policyName/down-policy",
            "autoscaling_group_name": "tf-asg-20200321081205547600000002",
            "cooldown": 300,
            "estimated_instance_warmup": 0,
            "id": "down-policy",
            "metric_aggregation_type": "",
            "min_adjustment_magnitude": null,
            "min_adjustment_step": null,
            "name": "down-policy",
            "policy_type": "SimpleScaling",
            "scaling_adjustment": -1,
            "step_adjustment": [],
            "target_tracking_configuration": []
          },
          "private": "bnVsbA==",
          "dependencies": [
            "aws_alb_target_group.target-group",
            "aws_autoscaling_group.autoscale",
            "aws_key_pair.auth",
            "aws_launch_configuration.launch-conf",
            "aws_security_group.prodsg",
            "aws_subnet.public_subnet",
            "aws_vpc.prodvpc"
          ]
        }
      ]
    },
    {
      "mode": "managed",
      "type": "aws_autoscaling_policy",
      "name": "up-policy",
      "provider": "provider.aws",
      "instances": [
        {
          "schema_version": 0,
          "attributes": {
            "adjustment_type": "ChangeInCapacity",
            "arn": "arn:aws:autoscaling:ap-south-1:381144738155:scalingPolicy:d5d1e22b-fb08-4d07-be6b-493f59ba06ca:autoScalingGroupName/tf-asg-20200321081205547600000002:policyName/up-policy",
            "autoscaling_group_name": "tf-asg-20200321081205547600000002",
            "cooldown": 300,
            "estimated_instance_warmup": 0,
            "id": "up-policy",
            "metric_aggregation_type": "",
            "min_adjustment_magnitude": null,
            "min_adjustment_step": null,
            "name": "up-policy",
            "policy_type": "SimpleScaling",
            "scaling_adjustment": 1,
            "step_adjustment": [],
            "target_tracking_configuration": []
          },
          "private": "bnVsbA==",
          "dependencies": [
            "aws_alb_target_group.target-group",
            "aws_autoscaling_group.autoscale",
            "aws_key_pair.auth",
            "aws_launch_configuration.launch-conf",
            "aws_security_group.prodsg",
            "aws_subnet.public_subnet",
            "aws_vpc.prodvpc"
          ]
        }
      ]
    },
    {
      "mode": "managed",
      "type": "aws_cloudwatch_metric_alarm",
      "name": "HighCPU",
      "provider": "provider.aws",
      "instances": [
        {
          "schema_version": 1,
          "attributes": {
            "actions_enabled": true,
            "alarm_actions": [
              "arn:aws:autoscaling:ap-south-1:381144738155:scalingPolicy:d5d1e22b-fb08-4d07-be6b-493f59ba06ca:autoScalingGroupName/tf-asg-20200321081205547600000002:policyName/up-policy"
            ],
            "alarm_description": "This metric monitors ec2 High cpu utilization",
            "alarm_name": "HighCPU",
            "arn": "arn:aws:cloudwatch:ap-south-1:381144738155:alarm:HighCPU",
            "comparison_operator": "GreaterThanOrEqualToThreshold",
            "datapoints_to_alarm": 0,
            "dimensions": {
              "AutoScalingGroupName": "tf-asg-20200321081205547600000002"
            },
            "evaluate_low_sample_count_percentiles": "",
            "evaluation_periods": 5,
            "extended_statistic": "",
            "id": "HighCPU",
            "insufficient_data_actions": null,
            "metric_name": "CPUUtilization",
            "metric_query": [],
            "namespace": "AWS/EC2",
            "ok_actions": null,
            "period": 60,
            "statistic": "Average",
            "tags": null,
            "threshold": 80,
            "threshold_metric_id": "",
            "treat_missing_data": "missing",
            "unit": ""
          },
          "private": "eyJzY2hlbWFfdmVyc2lvbiI6IjEifQ==",
          "dependencies": [
            "aws_alb_target_group.target-group",
            "aws_autoscaling_group.autoscale",
            "aws_autoscaling_policy.up-policy",
            "aws_key_pair.auth",
            "aws_launch_configuration.launch-conf",
            "aws_security_group.prodsg",
            "aws_subnet.public_subnet",
            "aws_vpc.prodvpc"
          ]
        }
      ]
    },
    {
      "mode": "managed",
      "type": "aws_cloudwatch_metric_alarm",
      "name": "LowCPU",
      "provider": "provider.aws",
      "instances": [
        {
          "schema_version": 1,
          "attributes": {
            "actions_enabled": true,
            "alarm_actions": [
              "arn:aws:autoscaling:ap-south-1:381144738155:scalingPolicy:c07382ab-8f8f-4b62-a78a-167ec42b894d:autoScalingGroupName/tf-asg-20200321081205547600000002:policyName/down-policy"
            ],
            "alarm_description": "This metric monitors ec2 Low cpu utilization",
            "alarm_name": "LowCPU",
            "arn": "arn:aws:cloudwatch:ap-south-1:381144738155:alarm:LowCPU",
            "comparison_operator": "LessThanOrEqualToThreshold",
            "datapoints_to_alarm": 0,
            "dimensions": {
              "AutoScalingGroupName": "tf-asg-20200321081205547600000002"
            },
            "evaluate_low_sample_count_percentiles": "",
            "evaluation_periods": 5,
            "extended_statistic": "",
            "id": "LowCPU",
            "insufficient_data_actions": null,
            "metric_name": "CPUUtilization",
            "metric_query": [],
            "namespace": "AWS/EC2",
            "ok_actions": null,
            "period": 60,
            "statistic": "Average",
            "tags": null,
            "threshold": 30,
            "threshold_metric_id": "",
            "treat_missing_data": "missing",
            "unit": ""
          },
          "private": "eyJzY2hlbWFfdmVyc2lvbiI6IjEifQ==",
          "dependencies": [
            "aws_alb_target_group.target-group",
            "aws_autoscaling_group.autoscale",
            "aws_autoscaling_policy.down-policy",
            "aws_key_pair.auth",
            "aws_launch_configuration.launch-conf",
            "aws_security_group.prodsg",
            "aws_subnet.public_subnet",
            "aws_vpc.prodvpc"
          ]
        }
      ]
    },
    {
      "mode": "managed",
      "type": "aws_eip",
      "name": "nat",
      "each": "list",
      "provider": "provider.aws",
      "instances": [
        {
          "index_key": 0,
          "schema_version": 0,
          "attributes": {
            "allocation_id": null,
            "associate_with_private_ip": null,
            "association_id": "",
            "domain": "vpc",
            "id": "eipalloc-0f8ea75374ea2763b",
            "instance": "",
            "network_interface": "",
            "private_dns": null,
            "private_ip": "",
            "public_dns": "ec2-3-6-136-83.ap-south-1.compute.amazonaws.com",
            "public_ip": "3.6.136.83",
            "public_ipv4_pool": "amazon",
            "tags": null,
            "timeouts": null,
            "vpc": true
          },
          "private": "eyJlMmJmYjczMC1lY2FhLTExZTYtOGY4OC0zNDM2M2JjN2M0YzAiOnsiZGVsZXRlIjoxODAwMDAwMDAwMDAsInJlYWQiOjkwMDAwMDAwMDAwMCwidXBkYXRlIjozMDAwMDAwMDAwMDB9fQ=="
        },
        {
          "index_key": 1,
          "schema_version": 0,
          "attributes": {
            "allocation_id": null,
            "associate_with_private_ip": null,
            "association_id": "",
            "domain": "vpc",
            "id": "eipalloc-03f2ccc917ab57b22",
            "instance": "",
            "network_interface": "",
            "private_dns": null,
            "private_ip": "",
            "public_dns": "ec2-3-7-40-83.ap-south-1.compute.amazonaws.com",
            "public_ip": "3.7.40.83",
            "public_ipv4_pool": "amazon",
            "tags": null,
            "timeouts": null,
            "vpc": true
          },
          "private": "eyJlMmJmYjczMC1lY2FhLTExZTYtOGY4OC0zNDM2M2JjN2M0YzAiOnsiZGVsZXRlIjoxODAwMDAwMDAwMDAsInJlYWQiOjkwMDAwMDAwMDAwMCwidXBkYXRlIjozMDAwMDAwMDAwMDB9fQ=="
        }
      ]
    },
    {
      "mode": "managed",
      "type": "aws_instance",
      "name": "server",
      "each": "list",
      "provider": "provider.aws",
      "instances": [
        {
          "index_key": 0,
          "schema_version": 1,
          "attributes": {
            "ami": "ami-029401c523b31769e",
            "arn": "arn:aws:ec2:ap-south-1:381144738155:instance/i-0dae178bc1232acef",
            "associate_public_ip_address": true,
            "availability_zone": "ap-south-1a",
            "cpu_core_count": 1,
            "cpu_threads_per_core": 1,
            "credit_specification": [
              {
                "cpu_credits": "standard"
              }
            ],
            "disable_api_termination": false,
            "ebs_block_device": [],
            "ebs_optimized": false,
            "ephemeral_block_device": [],
            "get_password_data": false,
            "hibernation": false,
            "host_id": null,
            "iam_instance_profile": "",
            "id": "i-0dae178bc1232acef",
            "instance_initiated_shutdown_behavior": null,
            "instance_state": "running",
            "instance_type": "t2.micro",
            "ipv6_address_count": 0,
            "ipv6_addresses": [],
            "key_name": "auth",
            "monitoring": false,
            "network_interface": [],
            "network_interface_id": null,
            "password_data": "",
            "placement_group": "",
            "primary_network_interface_id": "eni-021569a69e439fa50",
            "private_dns": "ip-192-168-4-63.ap-south-1.compute.internal",
            "private_ip": "192.168.4.63",
            "public_dns": "",
            "public_ip": "13.232.118.51",
            "root_block_device": [
              {
                "delete_on_termination": true,
                "encrypted": false,
                "iops": 100,
                "kms_key_id": "",
                "volume_id": "vol-0377220943d5988d6",
                "volume_size": 8,
                "volume_type": "gp2"
              }
            ],
            "security_groups": [],
            "source_dest_check": true,
            "subnet_id": "subnet-08299d614ae07ab81",
            "tags": {
              "Name": "AppServer_1"
            },
            "tenancy": "default",
            "timeouts": null,
            "user_data": "f152f3578cb135e3c56f94477742f24e4ad657e5",
            "user_data_base64": null,
            "volume_tags": {},
            "vpc_security_group_ids": [
              "sg-0d25d181780d66d66"
            ]
          },
          "private": "eyJlMmJmYjczMC1lY2FhLTExZTYtOGY4OC0zNDM2M2JjN2M0YzAiOnsiY3JlYXRlIjo2MDAwMDAwMDAwMDAsImRlbGV0ZSI6MTIwMDAwMDAwMDAwMCwidXBkYXRlIjo2MDAwMDAwMDAwMDB9LCJzY2hlbWFfdmVyc2lvbiI6IjEifQ==",
          "dependencies": [
            "aws_key_pair.auth",
            "aws_security_group.prodsg",
            "aws_subnet.dmz_subnet",
            "aws_subnet.public_subnet",
            "aws_vpc.prodvpc"
          ]
        },
        {
          "index_key": 1,
          "schema_version": 1,
          "attributes": {
            "ami": "ami-029401c523b31769e",
            "arn": "arn:aws:ec2:ap-south-1:381144738155:instance/i-0fdbf40f4c1b573d2",
            "associate_public_ip_address": true,
            "availability_zone": "ap-south-1b",
            "cpu_core_count": 1,
            "cpu_threads_per_core": 1,
            "credit_specification": [
              {
                "cpu_credits": "standard"
              }
            ],
            "disable_api_termination": false,
            "ebs_block_device": [],
            "ebs_optimized": false,
            "ephemeral_block_device": [],
            "get_password_data": false,
            "hibernation": false,
            "host_id": null,
            "iam_instance_profile": "",
            "id": "i-0fdbf40f4c1b573d2",
            "instance_initiated_shutdown_behavior": null,
            "instance_state": "running",
            "instance_type": "t2.micro",
            "ipv6_address_count": 0,
            "ipv6_addresses": [],
            "key_name": "auth",
            "monitoring": false,
            "network_interface": [],
            "network_interface_id": null,
            "password_data": "",
            "placement_group": "",
            "primary_network_interface_id": "eni-044a0e1b923854a7b",
            "private_dns": "ip-192-168-6-166.ap-south-1.compute.internal",
            "private_ip": "192.168.6.166",
            "public_dns": "",
            "public_ip": "13.127.210.167",
            "root_block_device": [
              {
                "delete_on_termination": true,
                "encrypted": false,
                "iops": 100,
                "kms_key_id": "",
                "volume_id": "vol-07bf05d35d84b8478",
                "volume_size": 8,
                "volume_type": "gp2"
              }
            ],
            "security_groups": [],
            "source_dest_check": true,
            "subnet_id": "subnet-091a78ba1b5fb1867",
            "tags": {
              "Name": "AppServer_2"
            },
            "tenancy": "default",
            "timeouts": null,
            "user_data": "b2c7e7229ff3c9308dd9ca2cc6142b6bdea36ae8",
            "user_data_base64": null,
            "volume_tags": {},
            "vpc_security_group_ids": [
              "sg-0d25d181780d66d66"
            ]
          },
          "private": "eyJlMmJmYjczMC1lY2FhLTExZTYtOGY4OC0zNDM2M2JjN2M0YzAiOnsiY3JlYXRlIjo2MDAwMDAwMDAwMDAsImRlbGV0ZSI6MTIwMDAwMDAwMDAwMCwidXBkYXRlIjo2MDAwMDAwMDAwMDB9LCJzY2hlbWFfdmVyc2lvbiI6IjEifQ==",
          "dependencies": [
            "aws_key_pair.auth",
            "aws_security_group.prodsg",
            "aws_subnet.dmz_subnet",
            "aws_subnet.public_subnet",
            "aws_vpc.prodvpc"
          ]
        }
      ]
    },
    {
      "mode": "managed",
      "type": "aws_internet_gateway",
      "name": "prodgw",
      "provider": "provider.aws",
      "instances": [
        {
          "schema_version": 0,
          "attributes": {
            "id": "igw-06aaca58cddd3a080",
            "owner_id": "381144738155",
            "tags": {
              "Name": "ProdIGW"
            },
            "vpc_id": "vpc-07ae66eb6bbfb7fa0"
          },
          "private": "bnVsbA==",
          "dependencies": [
            "aws_vpc.prodvpc"
          ]
        }
      ]
    },
    {
      "mode": "managed",
      "type": "aws_key_pair",
      "name": "auth",
      "provider": "provider.aws",
      "instances": [
        {
          "schema_version": 1,
          "attributes": {
            "fingerprint": "bf:55:ad:6f:4f:0d:83:23:a4:fd:f0:16:a4:e6:19:15",
            "id": "auth",
            "key_name": "auth",
            "key_name_prefix": null,
            "key_pair_id": "key-0c80e0b69a4373b38",
            "public_key": "ssh-rsa AAAAB3NzaC1yc2EAAAADAQABAAABAQDVoErad3PlJS3uS/tuJzxKxM+s8jDLls8581C8hLGV6ZxD5MnjTM8c9G+f4qVQKhm2HlOjlW8BCJWxW/AYVpIN9zR1Up08u9tc5QQeX4esxmTimoROm52BIShNJHt+yRX3zqswhtNnAgpQOQTX8b3cRb2RX+ulNzT24l34evDAjvOKv9/WLgLAfueabNXGCawyqOUUFVTbEWGYXCWGMJxJReD9JrF9UmUO4WgAlQwE8RyJiV3XSLp+rSAmHBNkO7v86NneOtPeSqEZobvnF5zqhpE1MaFQxNQljvQj+BG8BNdtx/TslOPvS453Y6NcAlbAFXg966qmzvcLMNehJgRb ubuntu@soniboy",
            "tags": null
          },
          "private": "eyJzY2hlbWFfdmVyc2lvbiI6IjEifQ=="
        }
      ]
    },
    {
      "mode": "managed",
      "type": "aws_launch_configuration",
      "name": "launch-conf",
      "provider": "provider.aws",
      "instances": [
        {
          "schema_version": 0,
          "attributes": {
            "arn": "arn:aws:autoscaling:ap-south-1:381144738155:launchConfiguration:ec31b589-a576-498c-b72a-20d0f73b186a:launchConfigurationName/terraform-20200321081204634300000001",
            "associate_public_ip_address": false,
            "ebs_block_device": [],
            "ebs_optimized": false,
            "enable_monitoring": true,
            "ephemeral_block_device": [],
            "iam_instance_profile": "",
            "id": "terraform-20200321081204634300000001",
            "image_id": "ami-029401c523b31769e",
            "instance_type": "t2.micro",
            "key_name": "auth",
            "name": "terraform-20200321081204634300000001",
            "name_prefix": null,
            "placement_tenancy": null,
            "root_block_device": [],
            "security_groups": [
              "sg-0d25d181780d66d66"
            ],
            "spot_price": "",
            "user_data": "7055069b13fea08e273ec35dfa789741b52d0f9e",
            "user_data_base64": null,
            "vpc_classic_link_id": "",
            "vpc_classic_link_security_groups": null
          },
          "private": "bnVsbA==",
          "dependencies": [
            "aws_alb_target_group.target-group",
            "aws_key_pair.auth",
            "aws_security_group.prodsg",
            "aws_vpc.prodvpc"
          ]
        }
      ]
    },
    {
      "mode": "managed",
      "type": "aws_lb",
      "name": "app-lb",
      "provider": "provider.aws",
      "instances": [
        {
          "schema_version": 0,
          "attributes": {
            "access_logs": [
              {
                "bucket": "",
                "enabled": false,
                "prefix": ""
              }
            ],
            "arn": "arn:aws:elasticloadbalancing:ap-south-1:381144738155:loadbalancer/app/Application-LB/56794b1a8c86e230",
            "arn_suffix": "app/Application-LB/56794b1a8c86e230",
            "dns_name": "Application-LB-367771423.ap-south-1.elb.amazonaws.com",
            "enable_cross_zone_load_balancing": null,
            "enable_deletion_protection": false,
            "enable_http2": true,
            "id": "arn:aws:elasticloadbalancing:ap-south-1:381144738155:loadbalancer/app/Application-LB/56794b1a8c86e230",
            "idle_timeout": 60,
            "internal": false,
            "ip_address_type": "ipv4",
            "load_balancer_type": "application",
            "name": "Application-LB",
            "name_prefix": null,
            "security_groups": [
              "sg-09c508078b03495e9"
            ],
            "subnet_mapping": [
              {
                "allocation_id": "",
                "subnet_id": "subnet-055c3fe5f477a109f"
              },
              {
                "allocation_id": "",
                "subnet_id": "subnet-0eed1a514ddaa5d7f"
              }
            ],
            "subnets": [
              "subnet-055c3fe5f477a109f",
              "subnet-0eed1a514ddaa5d7f"
            ],
            "tags": {
              "Name": "Application-LoadBalancer"
            },
            "timeouts": null,
            "vpc_id": "vpc-07ae66eb6bbfb7fa0",
            "zone_id": "ZP97RAFLXTNZK"
          },
          "private": "eyJlMmJmYjczMC1lY2FhLTExZTYtOGY4OC0zNDM2M2JjN2M0YzAiOnsiY3JlYXRlIjo2MDAwMDAwMDAwMDAsImRlbGV0ZSI6NjAwMDAwMDAwMDAwLCJ1cGRhdGUiOjYwMDAwMDAwMDAwMH19",
          "dependencies": [
            "aws_security_group.lb_sg",
            "aws_subnet.dmz_subnet",
            "aws_vpc.prodvpc"
          ]
        }
      ]
    },
    {
      "mode": "managed",
      "type": "aws_nat_gateway",
      "name": "ngw",
      "each": "list",
      "provider": "provider.aws",
      "instances": [
        {
          "index_key": 0,
          "schema_version": 0,
          "attributes": {
            "allocation_id": "eipalloc-0f8ea75374ea2763b",
            "id": "nat-02c9089696555e8cf",
            "network_interface_id": "eni-0d2f30e0d6ca08bdc",
            "private_ip": "192.168.5.67",
            "public_ip": "3.6.136.83",
            "subnet_id": "subnet-08299d614ae07ab81",
            "tags": {
              "Name": "Ngw_1"
            }
          },
          "private": "bnVsbA==",
          "dependencies": [
            "aws_eip.nat",
            "aws_subnet.public_subnet",
            "aws_vpc.prodvpc"
          ]
        },
        {
          "index_key": 1,
          "schema_version": 0,
          "attributes": {
            "allocation_id": "eipalloc-03f2ccc917ab57b22",
            "id": "nat-03b2f1e3b68d9b3de",
            "network_interface_id": "eni-0d0e672e56f86c59a",
            "private_ip": "192.168.6.176",
            "public_ip": "3.7.40.83",
            "subnet_id": "subnet-091a78ba1b5fb1867",
            "tags": {
              "Name": "Ngw_2"
            }
          },
          "private": "bnVsbA==",
          "dependencies": [
            "aws_eip.nat",
            "aws_subnet.public_subnet",
            "aws_vpc.prodvpc"
          ]
        }
      ]
    },
    {
      "mode": "managed",
      "type": "aws_route_table",
      "name": "dmzroutetable",
      "provider": "provider.aws",
      "instances": [
        {
          "schema_version": 0,
          "attributes": {
            "id": "rtb-09aa36ca79bbdaf00",
            "owner_id": "381144738155",
            "propagating_vgws": [],
            "route": [
              {
                "cidr_block": "0.0.0.0/0",
                "egress_only_gateway_id": "",
                "gateway_id": "igw-06aaca58cddd3a080",
                "instance_id": "",
                "ipv6_cidr_block": "",
                "nat_gateway_id": "",
                "network_interface_id": "",
                "transit_gateway_id": "",
                "vpc_peering_connection_id": ""
              }
            ],
            "tags": {
              "Name": "DMZRouteTable"
            },
            "vpc_id": "vpc-07ae66eb6bbfb7fa0"
          },
          "private": "bnVsbA==",
          "dependencies": [
            "aws_internet_gateway.prodgw",
            "aws_vpc.prodvpc"
          ]
        }
      ]
    },
    {
      "mode": "managed",
      "type": "aws_route_table",
      "name": "privateroutetable",
      "each": "list",
      "provider": "provider.aws",
      "instances": [
        {
          "index_key": 0,
          "schema_version": 0,
          "attributes": {
            "id": "rtb-06f1e33ddd589a76b",
            "owner_id": "381144738155",
            "propagating_vgws": [],
            "route": [
              {
                "cidr_block": "0.0.0.0/0",
                "egress_only_gateway_id": "",
                "gateway_id": "",
                "instance_id": "",
                "ipv6_cidr_block": "",
                "nat_gateway_id": "nat-02c9089696555e8cf",
                "network_interface_id": "",
                "transit_gateway_id": "",
                "vpc_peering_connection_id": ""
              }
            ],
            "tags": {
              "Name": "PrivateRouteTable_1"
            },
            "vpc_id": "vpc-07ae66eb6bbfb7fa0"
          },
          "private": "bnVsbA==",
          "dependencies": [
            "aws_eip.nat",
            "aws_nat_gateway.ngw",
            "aws_subnet.public_subnet",
            "aws_vpc.prodvpc"
          ]
        },
        {
          "index_key": 1,
          "schema_version": 0,
          "attributes": {
            "id": "rtb-00bf2be6a6b24dd70",
            "owner_id": "381144738155",
            "propagating_vgws": [],
            "route": [
              {
                "cidr_block": "0.0.0.0/0",
                "egress_only_gateway_id": "",
                "gateway_id": "",
                "instance_id": "",
                "ipv6_cidr_block": "",
                "nat_gateway_id": "nat-03b2f1e3b68d9b3de",
                "network_interface_id": "",
                "transit_gateway_id": "",
                "vpc_peering_connection_id": ""
              }
            ],
            "tags": {
              "Name": "PrivateRouteTable_2"
            },
            "vpc_id": "vpc-07ae66eb6bbfb7fa0"
          },
          "private": "bnVsbA==",
          "dependencies": [
            "aws_eip.nat",
            "aws_nat_gateway.ngw",
            "aws_subnet.public_subnet",
            "aws_vpc.prodvpc"
          ]
        }
      ]
    },
    {
      "mode": "managed",
      "type": "aws_route_table",
      "name": "publicroutetable",
      "provider": "provider.aws",
      "instances": [
        {
          "schema_version": 0,
          "attributes": {
            "id": "rtb-049dc48b245f40afa",
            "owner_id": "381144738155",
            "propagating_vgws": [],
            "route": [
              {
                "cidr_block": "0.0.0.0/0",
                "egress_only_gateway_id": "",
                "gateway_id": "igw-06aaca58cddd3a080",
                "instance_id": "",
                "ipv6_cidr_block": "",
                "nat_gateway_id": "",
                "network_interface_id": "",
                "transit_gateway_id": "",
                "vpc_peering_connection_id": ""
              }
            ],
            "tags": {
              "Name": "PublicRouteTable"
            },
            "vpc_id": "vpc-07ae66eb6bbfb7fa0"
          },
          "private": "bnVsbA==",
          "dependencies": [
            "aws_internet_gateway.prodgw",
            "aws_vpc.prodvpc"
          ]
        }
      ]
    },
    {
      "mode": "managed",
      "type": "aws_route_table_association",
      "name": "dmz_assoc",
      "each": "list",
      "provider": "provider.aws",
      "instances": [
        {
          "index_key": 0,
          "schema_version": 0,
          "attributes": {
            "gateway_id": null,
            "id": "rtbassoc-06575409a4c0350eb",
            "route_table_id": "rtb-09aa36ca79bbdaf00",
            "subnet_id": "subnet-055c3fe5f477a109f"
          },
          "private": "bnVsbA==",
          "dependencies": [
            "aws_internet_gateway.prodgw",
            "aws_route_table.dmzroutetable",
            "aws_subnet.dmz_subnet",
            "aws_vpc.prodvpc"
          ]
        },
        {
          "index_key": 1,
          "schema_version": 0,
          "attributes": {
            "gateway_id": null,
            "id": "rtbassoc-0bbf4896bf3968179",
            "route_table_id": "rtb-09aa36ca79bbdaf00",
            "subnet_id": "subnet-0eed1a514ddaa5d7f"
          },
          "private": "bnVsbA==",
          "dependencies": [
            "aws_internet_gateway.prodgw",
            "aws_route_table.dmzroutetable",
            "aws_subnet.dmz_subnet",
            "aws_vpc.prodvpc"
          ]
        }
      ]
    },
    {
      "mode": "managed",
      "type": "aws_route_table_association",
      "name": "priv_assoc",
      "each": "list",
      "provider": "provider.aws",
      "instances": [
        {
          "index_key": 0,
          "schema_version": 0,
          "attributes": {
            "gateway_id": null,
            "id": "rtbassoc-0181077bdebb181d0",
            "route_table_id": "rtb-06f1e33ddd589a76b",
            "subnet_id": "subnet-0346e6d562c9b31f4"
          },
          "private": "bnVsbA==",
          "dependencies": [
            "aws_eip.nat",
            "aws_nat_gateway.ngw",
            "aws_route_table.privateroutetable",
            "aws_subnet.private_subnet",
            "aws_subnet.public_subnet",
            "aws_vpc.prodvpc"
          ]
        },
        {
          "index_key": 1,
          "schema_version": 0,
          "attributes": {
            "gateway_id": null,
            "id": "rtbassoc-04250e749e18e49db",
            "route_table_id": "rtb-00bf2be6a6b24dd70",
            "subnet_id": "subnet-010b451f31518c346"
          },
          "private": "bnVsbA==",
          "dependencies": [
            "aws_eip.nat",
            "aws_nat_gateway.ngw",
            "aws_route_table.privateroutetable",
            "aws_subnet.private_subnet",
            "aws_subnet.public_subnet",
            "aws_vpc.prodvpc"
          ]
        }
      ]
    },
    {
      "mode": "managed",
      "type": "aws_route_table_association",
      "name": "pub_assoc",
      "each": "list",
      "provider": "provider.aws",
      "instances": [
        {
          "index_key": 0,
          "schema_version": 0,
          "attributes": {
            "gateway_id": null,
            "id": "rtbassoc-0a18bc7cccf3b277d",
            "route_table_id": "rtb-049dc48b245f40afa",
            "subnet_id": "subnet-08299d614ae07ab81"
          },
          "private": "bnVsbA==",
          "dependencies": [
            "aws_internet_gateway.prodgw",
            "aws_route_table.publicroutetable",
            "aws_subnet.public_subnet",
            "aws_vpc.prodvpc"
          ]
        },
        {
          "index_key": 1,
          "schema_version": 0,
          "attributes": {
            "gateway_id": null,
            "id": "rtbassoc-0f1e49f3febbd34d1",
            "route_table_id": "rtb-049dc48b245f40afa",
            "subnet_id": "subnet-091a78ba1b5fb1867"
          },
          "private": "bnVsbA==",
          "dependencies": [
            "aws_internet_gateway.prodgw",
            "aws_route_table.publicroutetable",
            "aws_subnet.public_subnet",
            "aws_vpc.prodvpc"
          ]
        }
      ]
    },
    {
      "mode": "managed",
      "type": "aws_s3_bucket",
      "name": "bucket",
      "provider": "provider.aws",
      "instances": [
        {
          "schema_version": 0,
          "attributes": {
            "acceleration_status": "",
            "acl": "private",
            "arn": "arn:aws:s3:::la-terraform-4386",
            "bucket": "la-terraform-4386",
            "bucket_domain_name": "la-terraform-4386.s3.amazonaws.com",
            "bucket_prefix": null,
            "bucket_regional_domain_name": "la-terraform-4386.s3.ap-south-1.amazonaws.com",
            "cors_rule": [],
            "force_destroy": true,
            "grant": [],
            "hosted_zone_id": "Z11RGJOFQNVJUP",
            "id": "la-terraform-4386",
            "lifecycle_rule": [],
            "logging": [],
            "object_lock_configuration": [],
            "policy": null,
            "region": "ap-south-1",
            "replication_configuration": [],
            "request_payer": "BucketOwner",
            "server_side_encryption_configuration": [],
            "tags": {
              "Name": "Prod Bucket"
            },
            "versioning": [
              {
                "enabled": false,
                "mfa_delete": false
              }
            ],
            "website": [],
            "website_domain": null,
            "website_endpoint": null
          },
          "private": "bnVsbA=="
        }
      ]
    },
    {
      "mode": "managed",
      "type": "aws_security_group",
      "name": "lb_sg",
      "provider": "provider.aws",
      "instances": [
        {
          "schema_version": 1,
          "attributes": {
            "arn": "arn:aws:ec2:ap-south-1:381144738155:security-group/sg-09c508078b03495e9",
            "description": "Managed by Terraform",
            "egress": [],
            "id": "sg-09c508078b03495e9",
            "ingress": [],
            "name": "lb_sg",
            "name_prefix": null,
            "owner_id": "381144738155",
            "revoke_rules_on_delete": false,
            "tags": {
              "Name": "LB-Sg"
            },
            "timeouts": null,
            "vpc_id": "vpc-07ae66eb6bbfb7fa0"
          },
          "private": "eyJlMmJmYjczMC1lY2FhLTExZTYtOGY4OC0zNDM2M2JjN2M0YzAiOnsiY3JlYXRlIjo2MDAwMDAwMDAwMDAsImRlbGV0ZSI6NjAwMDAwMDAwMDAwfSwic2NoZW1hX3ZlcnNpb24iOiIxIn0=",
          "dependencies": [
            "aws_vpc.prodvpc"
          ]
        }
      ]
    },
    {
      "mode": "managed",
      "type": "aws_security_group",
      "name": "prodsg",
      "provider": "provider.aws",
      "instances": [
        {
          "schema_version": 1,
          "attributes": {
            "arn": "arn:aws:ec2:ap-south-1:381144738155:security-group/sg-0d25d181780d66d66",
            "description": "Managed by Terraform",
            "egress": [],
            "id": "sg-0d25d181780d66d66",
            "ingress": [],
            "name": "prodsg",
            "name_prefix": null,
            "owner_id": "381144738155",
            "revoke_rules_on_delete": false,
            "tags": {
              "Name": "ProdSg"
            },
            "timeouts": null,
            "vpc_id": "vpc-07ae66eb6bbfb7fa0"
          },
          "private": "eyJlMmJmYjczMC1lY2FhLTExZTYtOGY4OC0zNDM2M2JjN2M0YzAiOnsiY3JlYXRlIjo2MDAwMDAwMDAwMDAsImRlbGV0ZSI6NjAwMDAwMDAwMDAwfSwic2NoZW1hX3ZlcnNpb24iOiIxIn0=",
          "dependencies": [
            "aws_vpc.prodvpc"
          ]
        }
      ]
    },
    {
      "mode": "managed",
      "type": "aws_security_group_rule",
      "name": "egress-rule",
      "provider": "provider.aws",
      "instances": [
        {
          "schema_version": 2,
          "attributes": {
            "cidr_blocks": [
              "0.0.0.0/0"
            ],
            "description": null,
            "from_port": 80,
            "id": "sgrule-2671027938",
            "ipv6_cidr_blocks": null,
            "prefix_list_ids": null,
            "protocol": "tcp",
            "security_group_id": "sg-0d25d181780d66d66",
            "self": false,
            "source_security_group_id": null,
            "to_port": 80,
            "type": "egress"
          },
          "private": "eyJzY2hlbWFfdmVyc2lvbiI6IjIifQ==",
          "dependencies": [
            "aws_security_group.prodsg",
            "aws_vpc.prodvpc"
          ]
        }
      ]
    },
    {
      "mode": "managed",
      "type": "aws_security_group_rule",
      "name": "internal-rule",
      "provider": "provider.aws",
      "instances": [
        {
          "schema_version": 2,
          "attributes": {
            "cidr_blocks": [
              "0.0.0.0/0"
            ],
            "description": null,
            "from_port": 0,
            "id": "sgrule-549197000",
            "ipv6_cidr_blocks": null,
            "prefix_list_ids": null,
            "protocol": "tcp",
            "security_group_id": "sg-09c508078b03495e9",
            "self": false,
            "source_security_group_id": null,
            "to_port": 65535,
            "type": "ingress"
          },
          "private": "eyJzY2hlbWFfdmVyc2lvbiI6IjIifQ==",
          "dependencies": [
            "aws_security_group.lb_sg",
            "aws_vpc.prodvpc"
          ]
        }
      ]
    },
    {
      "mode": "managed",
      "type": "aws_security_group_rule",
      "name": "lb-rule",
      "provider": "provider.aws",
      "instances": [
        {
          "schema_version": 2,
          "attributes": {
            "cidr_blocks": null,
            "description": null,
            "from_port": 80,
            "id": "sgrule-3248898652",
            "ipv6_cidr_blocks": null,
            "prefix_list_ids": null,
            "protocol": "tcp",
            "security_group_id": "sg-0d25d181780d66d66",
            "self": false,
            "source_security_group_id": "sg-09c508078b03495e9",
            "to_port": 80,
            "type": "ingress"
          },
          "private": "eyJzY2hlbWFfdmVyc2lvbiI6IjIifQ==",
          "dependencies": [
            "aws_security_group.lb_sg",
            "aws_security_group.prodsg",
            "aws_vpc.prodvpc"
          ]
        }
      ]
    },
    {
      "mode": "managed",
      "type": "aws_security_group_rule",
      "name": "pub-rule",
      "provider": "provider.aws",
      "instances": [
        {
          "schema_version": 2,
          "attributes": {
            "cidr_blocks": null,
            "description": null,
            "from_port": 80,
            "id": "sgrule-1437790822",
            "ipv6_cidr_blocks": null,
            "prefix_list_ids": null,
            "protocol": "tcp",
            "security_group_id": "sg-09c508078b03495e9",
            "self": false,
            "source_security_group_id": "sg-0d25d181780d66d66",
            "to_port": 80,
            "type": "egress"
          },
          "private": "eyJzY2hlbWFfdmVyc2lvbiI6IjIifQ==",
          "dependencies": [
            "aws_security_group.lb_sg",
            "aws_security_group.prodsg",
            "aws_vpc.prodvpc"
          ]
        }
      ]
    },
    {
      "mode": "managed",
      "type": "aws_sns_topic",
      "name": "scaledown_alarm",
      "provider": "provider.aws",
      "instances": [
        {
          "schema_version": 0,
          "attributes": {
            "application_failure_feedback_role_arn": "",
            "application_success_feedback_role_arn": "",
            "application_success_feedback_sample_rate": 0,
            "arn": "arn:aws:sns:ap-south-1:381144738155:scaledown_alarm",
            "delivery_policy": "",
            "display_name": "",
            "http_failure_feedback_role_arn": "",
            "http_success_feedback_role_arn": "",
            "http_success_feedback_sample_rate": 0,
            "id": "arn:aws:sns:ap-south-1:381144738155:scaledown_alarm",
            "kms_master_key_id": "",
            "lambda_failure_feedback_role_arn": "",
            "lambda_success_feedback_role_arn": "",
            "lambda_success_feedback_sample_rate": 0,
            "name": "scaledown_alarm",
            "name_prefix": null,
            "policy": "{\"Version\":\"2008-10-17\",\"Id\":\"__default_policy_ID\",\"Statement\":[{\"Sid\":\"__default_statement_ID\",\"Effect\":\"Allow\",\"Principal\":{\"AWS\":\"*\"},\"Action\":[\"SNS:GetTopicAttributes\",\"SNS:SetTopicAttributes\",\"SNS:AddPermission\",\"SNS:RemovePermission\",\"SNS:DeleteTopic\",\"SNS:Subscribe\",\"SNS:ListSubscriptionsByTopic\",\"SNS:Publish\",\"SNS:Receive\"],\"Resource\":\"arn:aws:sns:ap-south-1:381144738155:scaledown_alarm\",\"Condition\":{\"StringEquals\":{\"AWS:SourceOwner\":\"381144738155\"}}}]}",
            "sqs_failure_feedback_role_arn": "",
            "sqs_success_feedback_role_arn": "",
            "sqs_success_feedback_sample_rate": 0,
            "tags": null
          },
          "private": "bnVsbA=="
        }
      ]
    },
    {
      "mode": "managed",
      "type": "aws_sns_topic",
      "name": "scaleup_alarm",
      "provider": "provider.aws",
      "instances": [
        {
          "schema_version": 0,
          "attributes": {
            "application_failure_feedback_role_arn": "",
            "application_success_feedback_role_arn": "",
            "application_success_feedback_sample_rate": 0,
            "arn": "arn:aws:sns:ap-south-1:381144738155:scaleup_alarm",
            "delivery_policy": "",
            "display_name": "",
            "http_failure_feedback_role_arn": "",
            "http_success_feedback_role_arn": "",
            "http_success_feedback_sample_rate": 0,
            "id": "arn:aws:sns:ap-south-1:381144738155:scaleup_alarm",
            "kms_master_key_id": "",
            "lambda_failure_feedback_role_arn": "",
            "lambda_success_feedback_role_arn": "",
            "lambda_success_feedback_sample_rate": 0,
            "name": "scaleup_alarm",
            "name_prefix": null,
            "policy": "{\"Version\":\"2008-10-17\",\"Id\":\"__default_policy_ID\",\"Statement\":[{\"Sid\":\"__default_statement_ID\",\"Effect\":\"Allow\",\"Principal\":{\"AWS\":\"*\"},\"Action\":[\"SNS:GetTopicAttributes\",\"SNS:SetTopicAttributes\",\"SNS:AddPermission\",\"SNS:RemovePermission\",\"SNS:DeleteTopic\",\"SNS:Subscribe\",\"SNS:ListSubscriptionsByTopic\",\"SNS:Publish\",\"SNS:Receive\"],\"Resource\":\"arn:aws:sns:ap-south-1:381144738155:scaleup_alarm\",\"Condition\":{\"StringEquals\":{\"AWS:SourceOwner\":\"381144738155\"}}}]}",
            "sqs_failure_feedback_role_arn": "",
            "sqs_success_feedback_role_arn": "",
            "sqs_success_feedback_sample_rate": 0,
            "tags": null
          },
          "private": "bnVsbA=="
        }
      ]
    },
    {
      "mode": "managed",
      "type": "aws_sns_topic",
      "name": "servicelatency",
      "provider": "provider.aws",
      "instances": [
        {
          "schema_version": 0,
          "attributes": {
            "application_failure_feedback_role_arn": "",
            "application_success_feedback_role_arn": "",
            "application_success_feedback_sample_rate": 0,
            "arn": "arn:aws:sns:ap-south-1:381144738155:servicelatency",
            "delivery_policy": "",
            "display_name": "",
            "http_failure_feedback_role_arn": "",
            "http_success_feedback_role_arn": "",
            "http_success_feedback_sample_rate": 0,
            "id": "arn:aws:sns:ap-south-1:381144738155:servicelatency",
            "kms_master_key_id": "",
            "lambda_failure_feedback_role_arn": "",
            "lambda_success_feedback_role_arn": "",
            "lambda_success_feedback_sample_rate": 0,
            "name": "servicelatency",
            "name_prefix": null,
            "policy": "{\"Version\":\"2008-10-17\",\"Id\":\"__default_policy_ID\",\"Statement\":[{\"Sid\":\"__default_statement_ID\",\"Effect\":\"Allow\",\"Principal\":{\"AWS\":\"*\"},\"Action\":[\"SNS:GetTopicAttributes\",\"SNS:SetTopicAttributes\",\"SNS:AddPermission\",\"SNS:RemovePermission\",\"SNS:DeleteTopic\",\"SNS:Subscribe\",\"SNS:ListSubscriptionsByTopic\",\"SNS:Publish\",\"SNS:Receive\"],\"Resource\":\"arn:aws:sns:ap-south-1:381144738155:servicelatency\",\"Condition\":{\"StringEquals\":{\"AWS:SourceOwner\":\"381144738155\"}}}]}",
            "sqs_failure_feedback_role_arn": "",
            "sqs_success_feedback_role_arn": "",
            "sqs_success_feedback_sample_rate": 0,
            "tags": null
          },
          "private": "bnVsbA=="
        }
      ]
    },
    {
      "mode": "managed",
      "type": "aws_subnet",
      "name": "dmz_subnet",
      "each": "list",
      "provider": "provider.aws",
      "instances": [
        {
          "index_key": 0,
          "schema_version": 1,
          "attributes": {
            "arn": "arn:aws:ec2:ap-south-1:381144738155:subnet/subnet-055c3fe5f477a109f",
            "assign_ipv6_address_on_creation": false,
            "availability_zone": "ap-south-1a",
            "availability_zone_id": "aps1-az1",
            "cidr_block": "192.168.0.0/23",
            "id": "subnet-055c3fe5f477a109f",
            "ipv6_cidr_block": "",
            "ipv6_cidr_block_association_id": "",
            "map_public_ip_on_launch": false,
            "owner_id": "381144738155",
            "tags": {
              "Name": "dmz_subnet_1"
            },
            "timeouts": null,
            "vpc_id": "vpc-07ae66eb6bbfb7fa0"
          },
          "private": "eyJlMmJmYjczMC1lY2FhLTExZTYtOGY4OC0zNDM2M2JjN2M0YzAiOnsiY3JlYXRlIjo2MDAwMDAwMDAwMDAsImRlbGV0ZSI6MTIwMDAwMDAwMDAwMH0sInNjaGVtYV92ZXJzaW9uIjoiMSJ9",
          "dependencies": [
            "aws_vpc.prodvpc"
          ]
        },
        {
          "index_key": 1,
          "schema_version": 1,
          "attributes": {
            "arn": "arn:aws:ec2:ap-south-1:381144738155:subnet/subnet-0eed1a514ddaa5d7f",
            "assign_ipv6_address_on_creation": false,
            "availability_zone": "ap-south-1b",
            "availability_zone_id": "aps1-az3",
            "cidr_block": "192.168.2.0/23",
            "id": "subnet-0eed1a514ddaa5d7f",
            "ipv6_cidr_block": "",
            "ipv6_cidr_block_association_id": "",
            "map_public_ip_on_launch": false,
            "owner_id": "381144738155",
            "tags": {
              "Name": "dmz_subnet_2"
            },
            "timeouts": null,
            "vpc_id": "vpc-07ae66eb6bbfb7fa0"
          },
          "private": "eyJlMmJmYjczMC1lY2FhLTExZTYtOGY4OC0zNDM2M2JjN2M0YzAiOnsiY3JlYXRlIjo2MDAwMDAwMDAwMDAsImRlbGV0ZSI6MTIwMDAwMDAwMDAwMH0sInNjaGVtYV92ZXJzaW9uIjoiMSJ9",
          "dependencies": [
            "aws_vpc.prodvpc"
          ]
        }
      ]
    },
    {
      "mode": "managed",
      "type": "aws_subnet",
      "name": "private_subnet",
      "each": "list",
      "provider": "provider.aws",
      "instances": [
        {
          "index_key": 0,
          "schema_version": 1,
          "attributes": {
            "arn": "arn:aws:ec2:ap-south-1:381144738155:subnet/subnet-0346e6d562c9b31f4",
            "assign_ipv6_address_on_creation": false,
            "availability_zone": "ap-south-1a",
            "availability_zone_id": "aps1-az1",
            "cidr_block": "192.168.8.0/23",
            "id": "subnet-0346e6d562c9b31f4",
            "ipv6_cidr_block": "",
            "ipv6_cidr_block_association_id": "",
            "map_public_ip_on_launch": false,
            "owner_id": "381144738155",
            "tags": {
              "Name": "private_subnet_1"
            },
            "timeouts": null,
            "vpc_id": "vpc-07ae66eb6bbfb7fa0"
          },
          "private": "eyJlMmJmYjczMC1lY2FhLTExZTYtOGY4OC0zNDM2M2JjN2M0YzAiOnsiY3JlYXRlIjo2MDAwMDAwMDAwMDAsImRlbGV0ZSI6MTIwMDAwMDAwMDAwMH0sInNjaGVtYV92ZXJzaW9uIjoiMSJ9",
          "dependencies": [
            "aws_vpc.prodvpc"
          ]
        },
        {
          "index_key": 1,
          "schema_version": 1,
          "attributes": {
            "arn": "arn:aws:ec2:ap-south-1:381144738155:subnet/subnet-010b451f31518c346",
            "assign_ipv6_address_on_creation": false,
            "availability_zone": "ap-south-1b",
            "availability_zone_id": "aps1-az3",
            "cidr_block": "192.168.10.0/23",
            "id": "subnet-010b451f31518c346",
            "ipv6_cidr_block": "",
            "ipv6_cidr_block_association_id": "",
            "map_public_ip_on_launch": false,
            "owner_id": "381144738155",
            "tags": {
              "Name": "private_subnet_2"
            },
            "timeouts": null,
            "vpc_id": "vpc-07ae66eb6bbfb7fa0"
          },
          "private": "eyJlMmJmYjczMC1lY2FhLTExZTYtOGY4OC0zNDM2M2JjN2M0YzAiOnsiY3JlYXRlIjo2MDAwMDAwMDAwMDAsImRlbGV0ZSI6MTIwMDAwMDAwMDAwMH0sInNjaGVtYV92ZXJzaW9uIjoiMSJ9",
          "dependencies": [
            "aws_vpc.prodvpc"
          ]
        }
      ]
    },
    {
      "mode": "managed",
      "type": "aws_subnet",
      "name": "public_subnet",
      "each": "list",
      "provider": "provider.aws",
      "instances": [
        {
          "index_key": 0,
          "schema_version": 1,
          "attributes": {
            "arn": "arn:aws:ec2:ap-south-1:381144738155:subnet/subnet-08299d614ae07ab81",
            "assign_ipv6_address_on_creation": false,
            "availability_zone": "ap-south-1a",
            "availability_zone_id": "aps1-az1",
            "cidr_block": "192.168.4.0/23",
            "id": "subnet-08299d614ae07ab81",
            "ipv6_cidr_block": "",
            "ipv6_cidr_block_association_id": "",
            "map_public_ip_on_launch": true,
            "owner_id": "381144738155",
            "tags": {
              "Name": "public_subnet_1"
            },
            "timeouts": null,
            "vpc_id": "vpc-07ae66eb6bbfb7fa0"
          },
          "private": "eyJlMmJmYjczMC1lY2FhLTExZTYtOGY4OC0zNDM2M2JjN2M0YzAiOnsiY3JlYXRlIjo2MDAwMDAwMDAwMDAsImRlbGV0ZSI6MTIwMDAwMDAwMDAwMH0sInNjaGVtYV92ZXJzaW9uIjoiMSJ9",
          "dependencies": [
            "aws_vpc.prodvpc"
          ]
        },
        {
          "index_key": 1,
          "schema_version": 1,
          "attributes": {
            "arn": "arn:aws:ec2:ap-south-1:381144738155:subnet/subnet-091a78ba1b5fb1867",
            "assign_ipv6_address_on_creation": false,
            "availability_zone": "ap-south-1b",
            "availability_zone_id": "aps1-az3",
            "cidr_block": "192.168.6.0/23",
            "id": "subnet-091a78ba1b5fb1867",
            "ipv6_cidr_block": "",
            "ipv6_cidr_block_association_id": "",
            "map_public_ip_on_launch": true,
            "owner_id": "381144738155",
            "tags": {
              "Name": "public_subnet_2"
            },
            "timeouts": null,
            "vpc_id": "vpc-07ae66eb6bbfb7fa0"
          },
          "private": "eyJlMmJmYjczMC1lY2FhLTExZTYtOGY4OC0zNDM2M2JjN2M0YzAiOnsiY3JlYXRlIjo2MDAwMDAwMDAwMDAsImRlbGV0ZSI6MTIwMDAwMDAwMDAwMH0sInNjaGVtYV92ZXJzaW9uIjoiMSJ9",
          "dependencies": [
            "aws_vpc.prodvpc"
          ]
        }
      ]
    },
    {
      "mode": "managed",
      "type": "aws_vpc",
      "name": "prodvpc",
      "provider": "provider.aws",
      "instances": [
        {
          "schema_version": 1,
          "attributes": {
            "arn": "arn:aws:ec2:ap-south-1:381144738155:vpc/vpc-07ae66eb6bbfb7fa0",
            "assign_generated_ipv6_cidr_block": false,
            "cidr_block": "192.168.0.0/19",
            "default_network_acl_id": "acl-0cf61aa0c6aab8f09",
            "default_route_table_id": "rtb-01223c44e5160e47a",
            "default_security_group_id": "sg-040ae1995cc038e02",
            "dhcp_options_id": "dopt-c550b2ae",
            "enable_classiclink": null,
            "enable_classiclink_dns_support": null,
            "enable_dns_hostnames": false,
            "enable_dns_support": true,
            "id": "vpc-07ae66eb6bbfb7fa0",
            "instance_tenancy": "default",
            "ipv6_association_id": "",
            "ipv6_cidr_block": "",
            "main_route_table_id": "rtb-01223c44e5160e47a",
            "owner_id": "381144738155",
            "tags": {
              "Name": "ProdVPC"
            }
          },
          "private": "eyJzY2hlbWFfdmVyc2lvbiI6IjEifQ=="
        }
      ]
    }
  ]
}
