{
  "version": 4,
  "terraform_version": "0.12.13",
  "serial": 3,
  "lineage": "1d5be891-f6f3-20f8-fbb7-5972355aa1ad",
  "outputs": {
    "image_out": {
      "value": "sha256:775349758637aff77bf85e2ff0597e86e3e859183ef0baba8b3e8fc8d3cba51c",
      "type": "string"
    }
  },
  "resources": [
    {
      "mode": "managed",
      "type": "docker_image",
      "name": "image_id",
      "provider": "provider.docker",
      "instances": [
        {
          "schema_version": 0,
          "attributes": {
            "id": "sha256:775349758637aff77bf85e2ff0597e86e3e859183ef0baba8b3e8fc8d3cba51cubuntu:latest",
            "keep_locally": null,
            "latest": "sha256:775349758637aff77bf85e2ff0597e86e3e859183ef0baba8b3e8fc8d3cba51c",
            "name": "ubuntu:latest",
            "pull_trigger": null,
            "pull_triggers": null
          },
          "private": "bnVsbA=="
        }
      ]
    }
  ]
}
