{
  "version": 4,
  "terraform_version": "0.12.21",
  "serial": 2,
  "lineage": "1f0dc0e3-6f23-9c56-256b-07f5717d06ab",
  "outputs": {
    "aws_ecr_url": {
      "value": "381144738155.dkr.ecr.ap-south-1.amazonaws.com/aws-repo",
      "type": "string"
    }
  },
  "resources": [
    {
      "mode": "managed",
      "type": "aws_ecr_repository",
      "name": "app",
      "provider": "provider.aws",
      "instances": [
        {
          "schema_version": 0,
          "attributes": {
            "arn": "arn:aws:ecr:ap-south-1:381144738155:repository/aws-repo",
            "id": "aws-repo",
            "image_scanning_configuration": [
              {
                "scan_on_push": false
              }
            ],
            "image_tag_mutability": "MUTABLE",
            "name": "aws-repo",
            "registry_id": "381144738155",
            "repository_url": "381144738155.dkr.ecr.ap-south-1.amazonaws.com/aws-repo",
            "tags": null,
            "timeouts": null
          },
          "private": "eyJlMmJmYjczMC1lY2FhLTExZTYtOGY4OC0zNDM2M2JjN2M0YzAiOnsiZGVsZXRlIjoxMjAwMDAwMDAwMDAwfX0="
        }
      ]
    }
  ]
}
