{
  "version": 4,
  "terraform_version": "0.12.21",
  "serial": 29,
  "lineage": "b9a71aca-f594-21b3-2f4f-89399c921252",
  "outputs": {},
  "resources": [
    {
      "mode": "managed",
      "type": "random_id",
      "name": "s3id",
      "provider": "provider.random",
      "instances": [
        {
          "schema_version": 0,
          "attributes": {
            "b64": "36w",
            "b64_std": "36w=",
            "b64_url": "36w",
            "byte_length": 2,
            "dec": "57260",
            "hex": "dfac",
            "id": "36w",
            "keepers": null,
            "prefix": null
          },
          "private": "bnVsbA=="
        }
      ]
    }
  ]
}
